
Microsoft Visual Studio Solution File, Format Version 12.00
# Visual Studio Version 17
VisualStudioVersion = 17.7.34202.233
MinimumVisualStudioVersion = 10.0.40219.1
Project("{9A19103F-16F7-4668-BE54-9A1E7A4F7556}") = "dotnet-svcutil.xmlserializer", "src\svcutilcore\src\dotnet-svcutil.xmlserializer.csproj", "{EAB2959D-0A16-4F60-A453-765491E1C069}"
EndProject
Project("{9A19103F-16F7-4668-BE54-9A1E7A4F7556}") = "dotnet-svcutil.xmlserializer.IntegrationTests", "src\svcutilcore\tests\dotnet-svcutil.xmlserializer.IntegrationTests.csproj", "{338BC15B-CE44-47D7-8F0B-1479677D569C}"
EndProject
Global
	GlobalSection(SolutionConfigurationPlatforms) = preSolution
		Debug|Any CPU = Debug|Any CPU
		Release|Any CPU = Release|Any CPU
	EndGlobalSection
	GlobalSection(ProjectConfigurationPlatforms) = postSolution
		{EAB2959D-0A16-4F60-A453-765491E1C069}.Debug|Any CPU.ActiveCfg = Debug|Any CPU
		{EAB2959D-0A16-4F60-A453-765491E1C069}.Debug|Any CPU.Build.0 = Debug|Any CPU
		{EAB2959D-0A16-4F60-A453-765491E1C069}.Release|Any CPU.ActiveCfg = Release|Any CPU
		{EAB2959D-0A16-4F60-A453-765491E1C069}.Release|Any CPU.Build.0 = Release|Any CPU
		{338BC15B-CE44-47D7-8F0B-1479677D569C}.Debug|Any CPU.ActiveCfg = Debug|Any CPU
		{338BC15B-CE44-47D7-8F0B-1479677D569C}.Debug|Any CPU.Build.0 = Debug|Any CPU
		{338BC15B-CE44-47D7-8F0B-1479677D569C}.Release|Any CPU.ActiveCfg = Release|Any CPU
		{338BC15B-CE44-47D7-8F0B-1479677D569C}.Release|Any CPU.Build.0 = Release|Any CPU
	EndGlobalSection
	GlobalSection(SolutionProperties) = preSolution
		HideSolutionNode = FALSE
	EndGlobalSection
	GlobalSection(ExtensibilityGlobals) = postSolution
		SolutionGuid = {FFF6CDFF-ACD0-461B-AED7-35E1B2ED1884}
	EndGlobalSection
EndGlobal
