
Microsoft Visual Studio Solution File, Format Version 12.00
# Visual Studio 15
VisualStudioVersion = 15.0.28307.168
MinimumVisualStudioVersion = 10.0.40219.1
Project("{9A19103F-16F7-4668-BE54-9A1E7A4F7556}") = "System.ServiceModel.Primitives.Facade", "src\System.ServiceModel.Primitives\src\System.ServiceModel.Primitives.Facade.csproj", "{1290FD2C-8148-43C3-817B-6D799EDD7E03}"
EndProject
Project("{9A19103F-16F7-4668-BE54-9A1E7A4F7556}") = "System.ServiceModel.Primitives.Ref", "src\System.ServiceModel.Primitives\ref\System.ServiceModel.Primitives.Ref.csproj", "{2A96BBBF-49B2-4C05-9A7D-55B8BFE99A10}"
EndProject
Project("{9A19103F-16F7-4668-BE54-9A1E7A4F7556}") = "System.Private.ServiceModel", "src\System.Private.ServiceModel\src\System.Private.ServiceModel.csproj", "{C6E14C57-71B7-4096-8E5F-3FBA46E278F3}"
EndProject
Project("{9A19103F-16F7-4668-BE54-9A1E7A4F7556}") = "System.ServiceModel.Primitives.Tests", "src\System.ServiceModel.Primitives\tests\System.ServiceModel.Primitives.Tests.csproj", "{10C03A32-1B1F-4EF8-8041-92C34DAD221E}"
EndProject
Project("{9A19103F-16F7-4668-BE54-9A1E7A4F7556}") = "System.ServiceModel.Duplex.Ref", "src\System.ServiceModel.Duplex\ref\System.ServiceModel.Duplex.Ref.csproj", "{038AA2B1-6F3A-4C2C-A5F9-96D308EE487A}"
EndProject
Project("{9A19103F-16F7-4668-BE54-9A1E7A4F7556}") = "System.ServiceModel.Duplex.Facade", "src\System.ServiceModel.Duplex\src\System.ServiceModel.Duplex.Facade.csproj", "{6930471C-F053-4D7D-92E4-8DCBA3B79A64}"
EndProject
Project("{9A19103F-16F7-4668-BE54-9A1E7A4F7556}") = "System.ServiceModel.Duplex.Tests", "src\System.ServiceModel.Duplex\tests\System.ServiceModel.Duplex.Tests.csproj", "{5BD9E9CD-B423-48EB-A9EE-B9CB26D77B0D}"
EndProject
Project("{9A19103F-16F7-4668-BE54-9A1E7A4F7556}") = "System.ServiceModel.Http.Ref", "src\System.ServiceModel.Http\ref\System.ServiceModel.Http.Ref.csproj", "{0B18243A-F3D9-4BD8-81E7-FDBA9F19E24D}"
EndProject
Project("{9A19103F-16F7-4668-BE54-9A1E7A4F7556}") = "System.ServiceModel.Http.Facade", "src\System.ServiceModel.Http\src\System.ServiceModel.Http.Facade.csproj", "{F99F7E78-3C29-404F-9034-2359C448CEFE}"
EndProject
Project("{9A19103F-16F7-4668-BE54-9A1E7A4F7556}") = "System.ServiceModel.Http.Tests", "src\System.ServiceModel.Http\tests\System.ServiceModel.Http.Tests.csproj", "{7805E0FD-3320-432B-91E1-D7BB7ABB781E}"
EndProject
Project("{9A19103F-16F7-4668-BE54-9A1E7A4F7556}") = "System.ServiceModel.NetTcp.Ref", "src\System.ServiceModel.NetTcp\ref\System.ServiceModel.NetTcp.Ref.csproj", "{D41136B2-5347-41E4-84D7-D9871BB8ABC1}"
EndProject
Project("{9A19103F-16F7-4668-BE54-9A1E7A4F7556}") = "System.ServiceModel.NetTcp.Facade", "src\System.ServiceModel.NetTcp\src\System.ServiceModel.NetTcp.Facade.csproj", "{C1C23418-CE34-40C3-9A2A-9F0861B0FF24}"
EndProject
Project("{9A19103F-16F7-4668-BE54-9A1E7A4F7556}") = "System.ServiceModel.NetTcp.Tests", "src\System.ServiceModel.NetTcp\tests\System.ServiceModel.NetTcp.Tests.csproj", "{95C6CD71-6965-44E1-8F05-01F2F150B1E0}"
EndProject
Project("{9A19103F-16F7-4668-BE54-9A1E7A4F7556}") = "System.ServiceModel.Security.Ref", "src\System.ServiceModel.Security\ref\System.ServiceModel.Security.Ref.csproj", "{2DCF7501-4B89-4768-88ED-9419F98F3072}"
EndProject
Project("{9A19103F-16F7-4668-BE54-9A1E7A4F7556}") = "System.ServiceModel.Security.Facade", "src\System.ServiceModel.Security\src\System.ServiceModel.Security.Facade.csproj", "{5FA327D5-02AB-44E3-9699-B53D9D1E99AD}"
EndProject
Project("{9A19103F-16F7-4668-BE54-9A1E7A4F7556}") = "System.ServiceModel.Security.Tests", "src\System.ServiceModel.Security\tests\System.ServiceModel.Security.Tests.csproj", "{9D26B4B8-B2D1-4AA0-82D9-8720E6D72255}"
EndProject
Global
	GlobalSection(SolutionConfigurationPlatforms) = preSolution
		Debug|Any CPU = Debug|Any CPU
		Release|Any CPU = Release|Any CPU
	EndGlobalSection
	GlobalSection(ProjectConfigurationPlatforms) = postSolution
		{1290FD2C-8148-43C3-817B-6D799EDD7E03}.Debug|Any CPU.ActiveCfg = Debug|Any CPU
		{1290FD2C-8148-43C3-817B-6D799EDD7E03}.Debug|Any CPU.Build.0 = Debug|Any CPU
		{1290FD2C-8148-43C3-817B-6D799EDD7E03}.Release|Any CPU.ActiveCfg = Release|Any CPU
		{1290FD2C-8148-43C3-817B-6D799EDD7E03}.Release|Any CPU.Build.0 = Release|Any CPU
		{2A96BBBF-49B2-4C05-9A7D-55B8BFE99A10}.Debug|Any CPU.ActiveCfg = Debug|Any CPU
		{2A96BBBF-49B2-4C05-9A7D-55B8BFE99A10}.Debug|Any CPU.Build.0 = Debug|Any CPU
		{2A96BBBF-49B2-4C05-9A7D-55B8BFE99A10}.Release|Any CPU.ActiveCfg = Release|Any CPU
		{2A96BBBF-49B2-4C05-9A7D-55B8BFE99A10}.Release|Any CPU.Build.0 = Release|Any CPU
		{C6E14C57-71B7-4096-8E5F-3FBA46E278F3}.Debug|Any CPU.ActiveCfg = Debug|Any CPU
		{C6E14C57-71B7-4096-8E5F-3FBA46E278F3}.Debug|Any CPU.Build.0 = Debug|Any CPU
		{C6E14C57-71B7-4096-8E5F-3FBA46E278F3}.Release|Any CPU.ActiveCfg = Release|Any CPU
		{C6E14C57-71B7-4096-8E5F-3FBA46E278F3}.Release|Any CPU.Build.0 = Release|Any CPU
		{10C03A32-1B1F-4EF8-8041-92C34DAD221E}.Debug|Any CPU.ActiveCfg = Debug|Any CPU
		{10C03A32-1B1F-4EF8-8041-92C34DAD221E}.Debug|Any CPU.Build.0 = Debug|Any CPU
		{10C03A32-1B1F-4EF8-8041-92C34DAD221E}.Release|Any CPU.ActiveCfg = Release|Any CPU
		{10C03A32-1B1F-4EF8-8041-92C34DAD221E}.Release|Any CPU.Build.0 = Release|Any CPU
		{038AA2B1-6F3A-4C2C-A5F9-96D308EE487A}.Debug|Any CPU.ActiveCfg = Debug|Any CPU
		{038AA2B1-6F3A-4C2C-A5F9-96D308EE487A}.Debug|Any CPU.Build.0 = Debug|Any CPU
		{038AA2B1-6F3A-4C2C-A5F9-96D308EE487A}.Release|Any CPU.ActiveCfg = Release|Any CPU
		{038AA2B1-6F3A-4C2C-A5F9-96D308EE487A}.Release|Any CPU.Build.0 = Release|Any CPU
		{6930471C-F053-4D7D-92E4-8DCBA3B79A64}.Debug|Any CPU.ActiveCfg = Debug|Any CPU
		{6930471C-F053-4D7D-92E4-8DCBA3B79A64}.Debug|Any CPU.Build.0 = Debug|Any CPU
		{6930471C-F053-4D7D-92E4-8DCBA3B79A64}.Release|Any CPU.ActiveCfg = Release|Any CPU
		{6930471C-F053-4D7D-92E4-8DCBA3B79A64}.Release|Any CPU.Build.0 = Release|Any CPU
		{5BD9E9CD-B423-48EB-A9EE-B9CB26D77B0D}.Debug|Any CPU.ActiveCfg = Debug|Any CPU
		{5BD9E9CD-B423-48EB-A9EE-B9CB26D77B0D}.Debug|Any CPU.Build.0 = Debug|Any CPU
		{5BD9E9CD-B423-48EB-A9EE-B9CB26D77B0D}.Release|Any CPU.ActiveCfg = Release|Any CPU
		{5BD9E9CD-B423-48EB-A9EE-B9CB26D77B0D}.Release|Any CPU.Build.0 = Release|Any CPU
		{0B18243A-F3D9-4BD8-81E7-FDBA9F19E24D}.Debug|Any CPU.ActiveCfg = Debug|Any CPU
		{0B18243A-F3D9-4BD8-81E7-FDBA9F19E24D}.Debug|Any CPU.Build.0 = Debug|Any CPU
		{0B18243A-F3D9-4BD8-81E7-FDBA9F19E24D}.Release|Any CPU.ActiveCfg = Release|Any CPU
		{0B18243A-F3D9-4BD8-81E7-FDBA9F19E24D}.Release|Any CPU.Build.0 = Release|Any CPU
		{F99F7E78-3C29-404F-9034-2359C448CEFE}.Debug|Any CPU.ActiveCfg = Debug|Any CPU
		{F99F7E78-3C29-404F-9034-2359C448CEFE}.Debug|Any CPU.Build.0 = Debug|Any CPU
		{F99F7E78-3C29-404F-9034-2359C448CEFE}.Release|Any CPU.ActiveCfg = Release|Any CPU
		{F99F7E78-3C29-404F-9034-2359C448CEFE}.Release|Any CPU.Build.0 = Release|Any CPU
		{7805E0FD-3320-432B-91E1-D7BB7ABB781E}.Debug|Any CPU.ActiveCfg = Debug|Any CPU
		{7805E0FD-3320-432B-91E1-D7BB7ABB781E}.Debug|Any CPU.Build.0 = Debug|Any CPU
		{7805E0FD-3320-432B-91E1-D7BB7ABB781E}.Release|Any CPU.ActiveCfg = Release|Any CPU
		{7805E0FD-3320-432B-91E1-D7BB7ABB781E}.Release|Any CPU.Build.0 = Release|Any CPU
		{D41136B2-5347-41E4-84D7-D9871BB8ABC1}.Debug|Any CPU.ActiveCfg = Debug|Any CPU
		{D41136B2-5347-41E4-84D7-D9871BB8ABC1}.Debug|Any CPU.Build.0 = Debug|Any CPU
		{D41136B2-5347-41E4-84D7-D9871BB8ABC1}.Release|Any CPU.ActiveCfg = Release|Any CPU
		{D41136B2-5347-41E4-84D7-D9871BB8ABC1}.Release|Any CPU.Build.0 = Release|Any CPU
		{C1C23418-CE34-40C3-9A2A-9F0861B0FF24}.Debug|Any CPU.ActiveCfg = Debug|Any CPU
		{C1C23418-CE34-40C3-9A2A-9F0861B0FF24}.Debug|Any CPU.Build.0 = Debug|Any CPU
		{C1C23418-CE34-40C3-9A2A-9F0861B0FF24}.Release|Any CPU.ActiveCfg = Release|Any CPU
		{C1C23418-CE34-40C3-9A2A-9F0861B0FF24}.Release|Any CPU.Build.0 = Release|Any CPU
		{95C6CD71-6965-44E1-8F05-01F2F150B1E0}.Debug|Any CPU.ActiveCfg = Debug|Any CPU
		{95C6CD71-6965-44E1-8F05-01F2F150B1E0}.Debug|Any CPU.Build.0 = Debug|Any CPU
		{95C6CD71-6965-44E1-8F05-01F2F150B1E0}.Release|Any CPU.ActiveCfg = Release|Any CPU
		{95C6CD71-6965-44E1-8F05-01F2F150B1E0}.Release|Any CPU.Build.0 = Release|Any CPU
		{2DCF7501-4B89-4768-88ED-9419F98F3072}.Debug|Any CPU.ActiveCfg = Debug|Any CPU
		{2DCF7501-4B89-4768-88ED-9419F98F3072}.Debug|Any CPU.Build.0 = Debug|Any CPU
		{2DCF7501-4B89-4768-88ED-9419F98F3072}.Release|Any CPU.ActiveCfg = Release|Any CPU
		{2DCF7501-4B89-4768-88ED-9419F98F3072}.Release|Any CPU.Build.0 = Release|Any CPU
		{5FA327D5-02AB-44E3-9699-B53D9D1E99AD}.Debug|Any CPU.ActiveCfg = Debug|Any CPU
		{5FA327D5-02AB-44E3-9699-B53D9D1E99AD}.Debug|Any CPU.Build.0 = Debug|Any CPU
		{5FA327D5-02AB-44E3-9699-B53D9D1E99AD}.Release|Any CPU.ActiveCfg = Release|Any CPU
		{5FA327D5-02AB-44E3-9699-B53D9D1E99AD}.Release|Any CPU.Build.0 = Release|Any CPU
		{9D26B4B8-B2D1-4AA0-82D9-8720E6D72255}.Debug|Any CPU.ActiveCfg = Debug|Any CPU
		{9D26B4B8-B2D1-4AA0-82D9-8720E6D72255}.Debug|Any CPU.Build.0 = Debug|Any CPU
		{9D26B4B8-B2D1-4AA0-82D9-8720E6D72255}.Release|Any CPU.ActiveCfg = Release|Any CPU
		{9D26B4B8-B2D1-4AA0-82D9-8720E6D72255}.Release|Any CPU.Build.0 = Release|Any CPU
	EndGlobalSection
	GlobalSection(SolutionProperties) = preSolution
		HideSolutionNode = FALSE
	EndGlobalSection
	GlobalSection(ExtensibilityGlobals) = postSolution
		SolutionGuid = {E0638FAC-BA6B-4E18-BAE6-468C3191BE58}
	EndGlobalSection
EndGlobal
