
Microsoft Visual Studio Solution File, Format Version 12.00
# Visual Studio 15
VisualStudioVersion = 15.0.28307.168
MinimumVisualStudioVersion = 10.0.40219.1
Project("{9A19103F-16F7-4668-BE54-9A1E7A4F7556}") = "System.ServiceModel.Primitives.Facade", "src\System.ServiceModel.Primitives\src\System.ServiceModel.Primitives.Facade.csproj", "{1290FD2C-8148-43C3-817B-6D799EDD7E03}"
EndProject
Project("{9A19103F-16F7-4668-BE54-9A1E7A4F7556}") = "System.ServiceModel.Primitives.Ref", "src\System.ServiceModel.Primitives\ref\System.ServiceModel.Primitives.Ref.csproj", "{2A96BBBF-49B2-4C05-9A7D-55B8BFE99A10}"
EndProject
Project("{9A19103F-16F7-4668-BE54-9A1E7A4F7556}") = "System.Private.ServiceModel", "src\System.Private.ServiceModel\src\System.Private.ServiceModel.csproj", "{C6E14C57-71B7-4096-8E5F-3FBA46E278F3}"
EndProject
Project("{9A19103F-16F7-4668-BE54-9A1E7A4F7556}") = "System.ServiceModel.NetTcp.Facade", "src\System.ServiceModel.NetTcp\src\System.ServiceModel.NetTcp.Facade.csproj", "{6817560E-571F-4336-A3A8-35DA37E6A4CB}"
EndProject
Project("{9A19103F-16F7-4668-BE54-9A1E7A4F7556}") = "System.ServiceModel.NetTcp.Ref", "src\System.ServiceModel.NetTcp\ref\System.ServiceModel.NetTcp.Ref.csproj", "{CD28A44B-E44C-4A4F-9D13-259E70880EA7}"
EndProject
Project("{9A19103F-16F7-4668-BE54-9A1E7A4F7556}") = "System.ServiceModel.Duplex.Ref", "src\System.ServiceModel.Duplex\ref\System.ServiceModel.Duplex.Ref.csproj", "{B6E14000-F76A-4862-AE8A-56D25D50EA89}"
EndProject
Project("{9A19103F-16F7-4668-BE54-9A1E7A4F7556}") = "System.ServiceModel.Duplex.Facade", "src\System.ServiceModel.Duplex\src\System.ServiceModel.Duplex.Facade.csproj", "{5545BEA4-9101-432A-A00C-DDCBC14C21AA}"
EndProject
Project("{9A19103F-16F7-4668-BE54-9A1E7A4F7556}") = "System.ServiceModel.Http.Ref", "src\System.ServiceModel.Http\ref\System.ServiceModel.Http.Ref.csproj", "{ACBB5754-54E1-4B13-B1BD-1EBDC6E44886}"
EndProject
Project("{9A19103F-16F7-4668-BE54-9A1E7A4F7556}") = "System.ServiceModel.Http.Facade", "src\System.ServiceModel.Http\src\System.ServiceModel.Http.Facade.csproj", "{A7516AAF-8AD9-4335-BDCC-D566A03445B0}"
EndProject
Project("{9A19103F-16F7-4668-BE54-9A1E7A4F7556}") = "System.ServiceModel.Security.Facade", "src\System.ServiceModel.Security\src\System.ServiceModel.Security.Facade.csproj", "{8E8C1395-374B-48F8-BF8C-8E0578629D0C}"
EndProject
Project("{9A19103F-16F7-4668-BE54-9A1E7A4F7556}") = "System.ServiceModel.Security.Ref", "src\System.ServiceModel.Security\ref\System.ServiceModel.Security.Ref.csproj", "{05AEC4D5-7B54-494C-BB47-85647DF5ADCC}"
EndProject
Project("{9A19103F-16F7-4668-BE54-9A1E7A4F7556}") = "System.ServiceModel.Primitives.Tests", "src\System.ServiceModel.Primitives\tests\System.ServiceModel.Primitives.Tests.csproj", "{E0DFE94B-4697-43A4-8F07-380C2AEADE09}"
EndProject
Project("{9A19103F-16F7-4668-BE54-9A1E7A4F7556}") = "System.ServiceModel.Duplex.Tests", "src\System.ServiceModel.Duplex\tests\System.ServiceModel.Duplex.Tests.csproj", "{0D00F2AA-0BE4-429D-A044-73AD52EFDCCF}"
EndProject
Project("{9A19103F-16F7-4668-BE54-9A1E7A4F7556}") = "System.ServiceModel.Http.Tests", "src\System.ServiceModel.Http\tests\System.ServiceModel.Http.Tests.csproj", "{820CB807-B1AF-45BA-83C3-942CC61F70EB}"
EndProject
Project("{9A19103F-16F7-4668-BE54-9A1E7A4F7556}") = "System.ServiceModel.NetTcp.Tests", "src\System.ServiceModel.NetTcp\tests\System.ServiceModel.NetTcp.Tests.csproj", "{2D813E0E-6AEA-423D-85BE-132F40CDAA20}"
EndProject
Project("{9A19103F-16F7-4668-BE54-9A1E7A4F7556}") = "System.ServiceModel.Security.Tests", "src\System.ServiceModel.Security\tests\System.ServiceModel.Security.Tests.csproj", "{B200A6F4-4DF1-481B-9FA0-B31C3B8BF34A}"
EndProject
Project("{9A19103F-16F7-4668-BE54-9A1E7A4F7556}") = "ScenarioTests.Common", "src\System.Private.ServiceModel\tests\Common\Scenarios\ScenarioTests.Common.csproj", "{23AEF1E1-3CFB-497B-849B-C0CABD23425D}"
EndProject
Project("{9A19103F-16F7-4668-BE54-9A1E7A4F7556}") = "Binding.Custom.IntegrationTests", "src\System.Private.ServiceModel\tests\Scenarios\Binding\Custom\Binding.Custom.IntegrationTests.csproj", "{498CE9FB-2634-459D-A936-45421D92AE90}"
EndProject
Project("{FAE04EC0-301F-11D3-BF4B-00C04F79EFBC}") = "CertificateGenerator", "src\System.Private.ServiceModel\tools\CertificateGenerator\CertificateGenerator.csproj", "{76348F9E-302E-43C2-9325-7C563B1CBD24}"
EndProject
Project("{9A19103F-16F7-4668-BE54-9A1E7A4F7556}") = "Binding.Http.Tests", "src\System.Private.ServiceModel\tests\Scenarios\Binding\Http\Binding.Http.IntegrationTests.csproj", "{4FBFC47A-0FFC-4A9D-857D-52B932CD1014}"
EndProject
Project("{9A19103F-16F7-4668-BE54-9A1E7A4F7556}") = "Binding.Tcp.Tests", "src\System.Private.ServiceModel\tests\Scenarios\Binding\Tcp\Binding.Tcp.IntegrationTests.csproj", "{AFB21B2B-93FF-4B4A-81F6-CDBCB583D6C2}"
EndProject
Global
	GlobalSection(SolutionConfigurationPlatforms) = preSolution
		Debug|Any CPU = Debug|Any CPU
		Release|Any CPU = Release|Any CPU
	EndGlobalSection
	GlobalSection(ProjectConfigurationPlatforms) = postSolution
		{1290FD2C-8148-43C3-817B-6D799EDD7E03}.Debug|Any CPU.ActiveCfg = Debug|Any CPU
		{1290FD2C-8148-43C3-817B-6D799EDD7E03}.Debug|Any CPU.Build.0 = Debug|Any CPU
		{1290FD2C-8148-43C3-817B-6D799EDD7E03}.Release|Any CPU.ActiveCfg = Release|Any CPU
		{1290FD2C-8148-43C3-817B-6D799EDD7E03}.Release|Any CPU.Build.0 = Release|Any CPU
		{2A96BBBF-49B2-4C05-9A7D-55B8BFE99A10}.Debug|Any CPU.ActiveCfg = Debug|Any CPU
		{2A96BBBF-49B2-4C05-9A7D-55B8BFE99A10}.Debug|Any CPU.Build.0 = Debug|Any CPU
		{2A96BBBF-49B2-4C05-9A7D-55B8BFE99A10}.Release|Any CPU.ActiveCfg = Release|Any CPU
		{2A96BBBF-49B2-4C05-9A7D-55B8BFE99A10}.Release|Any CPU.Build.0 = Release|Any CPU
		{C6E14C57-71B7-4096-8E5F-3FBA46E278F3}.Debug|Any CPU.ActiveCfg = Debug|Any CPU
		{C6E14C57-71B7-4096-8E5F-3FBA46E278F3}.Debug|Any CPU.Build.0 = Debug|Any CPU
		{C6E14C57-71B7-4096-8E5F-3FBA46E278F3}.Release|Any CPU.ActiveCfg = Release|Any CPU
		{C6E14C57-71B7-4096-8E5F-3FBA46E278F3}.Release|Any CPU.Build.0 = Release|Any CPU
		{6817560E-571F-4336-A3A8-35DA37E6A4CB}.Debug|Any CPU.ActiveCfg = Debug|Any CPU
		{6817560E-571F-4336-A3A8-35DA37E6A4CB}.Debug|Any CPU.Build.0 = Debug|Any CPU
		{6817560E-571F-4336-A3A8-35DA37E6A4CB}.Release|Any CPU.ActiveCfg = Release|Any CPU
		{6817560E-571F-4336-A3A8-35DA37E6A4CB}.Release|Any CPU.Build.0 = Release|Any CPU
		{CD28A44B-E44C-4A4F-9D13-259E70880EA7}.Debug|Any CPU.ActiveCfg = Debug|Any CPU
		{CD28A44B-E44C-4A4F-9D13-259E70880EA7}.Debug|Any CPU.Build.0 = Debug|Any CPU
		{CD28A44B-E44C-4A4F-9D13-259E70880EA7}.Release|Any CPU.ActiveCfg = Release|Any CPU
		{CD28A44B-E44C-4A4F-9D13-259E70880EA7}.Release|Any CPU.Build.0 = Release|Any CPU
		{B6E14000-F76A-4862-AE8A-56D25D50EA89}.Debug|Any CPU.ActiveCfg = Debug|Any CPU
		{B6E14000-F76A-4862-AE8A-56D25D50EA89}.Debug|Any CPU.Build.0 = Debug|Any CPU
		{B6E14000-F76A-4862-AE8A-56D25D50EA89}.Release|Any CPU.ActiveCfg = Release|Any CPU
		{B6E14000-F76A-4862-AE8A-56D25D50EA89}.Release|Any CPU.Build.0 = Release|Any CPU
		{5545BEA4-9101-432A-A00C-DDCBC14C21AA}.Debug|Any CPU.ActiveCfg = Debug|Any CPU
		{5545BEA4-9101-432A-A00C-DDCBC14C21AA}.Debug|Any CPU.Build.0 = Debug|Any CPU
		{5545BEA4-9101-432A-A00C-DDCBC14C21AA}.Release|Any CPU.ActiveCfg = Release|Any CPU
		{5545BEA4-9101-432A-A00C-DDCBC14C21AA}.Release|Any CPU.Build.0 = Release|Any CPU
		{ACBB5754-54E1-4B13-B1BD-1EBDC6E44886}.Debug|Any CPU.ActiveCfg = Debug|Any CPU
		{ACBB5754-54E1-4B13-B1BD-1EBDC6E44886}.Debug|Any CPU.Build.0 = Debug|Any CPU
		{ACBB5754-54E1-4B13-B1BD-1EBDC6E44886}.Release|Any CPU.ActiveCfg = Release|Any CPU
		{ACBB5754-54E1-4B13-B1BD-1EBDC6E44886}.Release|Any CPU.Build.0 = Release|Any CPU
		{A7516AAF-8AD9-4335-BDCC-D566A03445B0}.Debug|Any CPU.ActiveCfg = Debug|Any CPU
		{A7516AAF-8AD9-4335-BDCC-D566A03445B0}.Debug|Any CPU.Build.0 = Debug|Any CPU
		{A7516AAF-8AD9-4335-BDCC-D566A03445B0}.Release|Any CPU.ActiveCfg = Release|Any CPU
		{A7516AAF-8AD9-4335-BDCC-D566A03445B0}.Release|Any CPU.Build.0 = Release|Any CPU
		{8E8C1395-374B-48F8-BF8C-8E0578629D0C}.Debug|Any CPU.ActiveCfg = Debug|Any CPU
		{8E8C1395-374B-48F8-BF8C-8E0578629D0C}.Debug|Any CPU.Build.0 = Debug|Any CPU
		{8E8C1395-374B-48F8-BF8C-8E0578629D0C}.Release|Any CPU.ActiveCfg = Release|Any CPU
		{8E8C1395-374B-48F8-BF8C-8E0578629D0C}.Release|Any CPU.Build.0 = Release|Any CPU
		{05AEC4D5-7B54-494C-BB47-85647DF5ADCC}.Debug|Any CPU.ActiveCfg = Debug|Any CPU
		{05AEC4D5-7B54-494C-BB47-85647DF5ADCC}.Debug|Any CPU.Build.0 = Debug|Any CPU
		{05AEC4D5-7B54-494C-BB47-85647DF5ADCC}.Release|Any CPU.ActiveCfg = Release|Any CPU
		{05AEC4D5-7B54-494C-BB47-85647DF5ADCC}.Release|Any CPU.Build.0 = Release|Any CPU
		{E0DFE94B-4697-43A4-8F07-380C2AEADE09}.Debug|Any CPU.ActiveCfg = Debug|Any CPU
		{E0DFE94B-4697-43A4-8F07-380C2AEADE09}.Debug|Any CPU.Build.0 = Debug|Any CPU
		{E0DFE94B-4697-43A4-8F07-380C2AEADE09}.Release|Any CPU.ActiveCfg = Release|Any CPU
		{E0DFE94B-4697-43A4-8F07-380C2AEADE09}.Release|Any CPU.Build.0 = Release|Any CPU
		{0D00F2AA-0BE4-429D-A044-73AD52EFDCCF}.Debug|Any CPU.ActiveCfg = Debug|Any CPU
		{0D00F2AA-0BE4-429D-A044-73AD52EFDCCF}.Debug|Any CPU.Build.0 = Debug|Any CPU
		{0D00F2AA-0BE4-429D-A044-73AD52EFDCCF}.Release|Any CPU.ActiveCfg = Release|Any CPU
		{0D00F2AA-0BE4-429D-A044-73AD52EFDCCF}.Release|Any CPU.Build.0 = Release|Any CPU
		{820CB807-B1AF-45BA-83C3-942CC61F70EB}.Debug|Any CPU.ActiveCfg = Debug|Any CPU
		{820CB807-B1AF-45BA-83C3-942CC61F70EB}.Debug|Any CPU.Build.0 = Debug|Any CPU
		{820CB807-B1AF-45BA-83C3-942CC61F70EB}.Release|Any CPU.ActiveCfg = Release|Any CPU
		{820CB807-B1AF-45BA-83C3-942CC61F70EB}.Release|Any CPU.Build.0 = Release|Any CPU
		{2D813E0E-6AEA-423D-85BE-132F40CDAA20}.Debug|Any CPU.ActiveCfg = Debug|Any CPU
		{2D813E0E-6AEA-423D-85BE-132F40CDAA20}.Debug|Any CPU.Build.0 = Debug|Any CPU
		{2D813E0E-6AEA-423D-85BE-132F40CDAA20}.Release|Any CPU.ActiveCfg = Release|Any CPU
		{2D813E0E-6AEA-423D-85BE-132F40CDAA20}.Release|Any CPU.Build.0 = Release|Any CPU
		{B200A6F4-4DF1-481B-9FA0-B31C3B8BF34A}.Debug|Any CPU.ActiveCfg = Debug|Any CPU
		{B200A6F4-4DF1-481B-9FA0-B31C3B8BF34A}.Debug|Any CPU.Build.0 = Debug|Any CPU
		{B200A6F4-4DF1-481B-9FA0-B31C3B8BF34A}.Release|Any CPU.ActiveCfg = Release|Any CPU
		{B200A6F4-4DF1-481B-9FA0-B31C3B8BF34A}.Release|Any CPU.Build.0 = Release|Any CPU
		{23AEF1E1-3CFB-497B-849B-C0CABD23425D}.Debug|Any CPU.ActiveCfg = Debug|Any CPU
		{23AEF1E1-3CFB-497B-849B-C0CABD23425D}.Debug|Any CPU.Build.0 = Debug|Any CPU
		{23AEF1E1-3CFB-497B-849B-C0CABD23425D}.Release|Any CPU.ActiveCfg = Release|Any CPU
		{23AEF1E1-3CFB-497B-849B-C0CABD23425D}.Release|Any CPU.Build.0 = Release|Any CPU
		{498CE9FB-2634-459D-A936-45421D92AE90}.Debug|Any CPU.ActiveCfg = Debug|Any CPU
		{498CE9FB-2634-459D-A936-45421D92AE90}.Debug|Any CPU.Build.0 = Debug|Any CPU
		{498CE9FB-2634-459D-A936-45421D92AE90}.Release|Any CPU.ActiveCfg = Release|Any CPU
		{498CE9FB-2634-459D-A936-45421D92AE90}.Release|Any CPU.Build.0 = Release|Any CPU
		{76348F9E-302E-43C2-9325-7C563B1CBD24}.Debug|Any CPU.ActiveCfg = Release|Any CPU
		{76348F9E-302E-43C2-9325-7C563B1CBD24}.Debug|Any CPU.Build.0 = Release|Any CPU
		{76348F9E-302E-43C2-9325-7C563B1CBD24}.Release|Any CPU.ActiveCfg = Release|Any CPU
		{76348F9E-302E-43C2-9325-7C563B1CBD24}.Release|Any CPU.Build.0 = Release|Any CPU
		{4FBFC47A-0FFC-4A9D-857D-52B932CD1014}.Debug|Any CPU.ActiveCfg = Debug|Any CPU
		{4FBFC47A-0FFC-4A9D-857D-52B932CD1014}.Debug|Any CPU.Build.0 = Debug|Any CPU
		{4FBFC47A-0FFC-4A9D-857D-52B932CD1014}.Release|Any CPU.ActiveCfg = Release|Any CPU
		{4FBFC47A-0FFC-4A9D-857D-52B932CD1014}.Release|Any CPU.Build.0 = Release|Any CPU
		{AFB21B2B-93FF-4B4A-81F6-CDBCB583D6C2}.Debug|Any CPU.ActiveCfg = Debug|Any CPU
		{AFB21B2B-93FF-4B4A-81F6-CDBCB583D6C2}.Debug|Any CPU.Build.0 = Debug|Any CPU
		{AFB21B2B-93FF-4B4A-81F6-CDBCB583D6C2}.Release|Any CPU.ActiveCfg = Release|Any CPU
		{AFB21B2B-93FF-4B4A-81F6-CDBCB583D6C2}.Release|Any CPU.Build.0 = Release|Any CPU
	EndGlobalSection
	GlobalSection(SolutionProperties) = preSolution
		HideSolutionNode = FALSE
	EndGlobalSection
	GlobalSection(ExtensibilityGlobals) = postSolution
		SolutionGuid = {E0638FAC-BA6B-4E18-BAE6-468C3191BE58}
	EndGlobalSection
EndGlobal
