
Microsoft Visual Studio Solution File, Format Version 12.00
# Visual Studio Version 16
VisualStudioVersion = 16.0.30323.103
MinimumVisualStudioVersion = 10.0.40219.1
Project("{FAE04EC0-301F-11D3-BF4B-00C04F79EFBC}") = "WCFPerfClient", "WCFPerfClient\WCFPerfClient.csproj", "{791C637A-BF2C-4AF1-A34B-C9181E63E5C2}"
EndProject
Project("{9A19103F-16F7-4668-BE54-9A1E7A4F7556}") = "WCFPerfDesktopCrank", "WCFPerfDesktopCrank\WCFPerfDesktopCrank.csproj", "{61A140F3-66E7-4917-B541-EBC1B19CB658}"
EndProject
Global
	GlobalSection(SolutionConfigurationPlatforms) = preSolution
		Debug|Any CPU = Debug|Any CPU
		Release|Any CPU = Release|Any CPU
	EndGlobalSection
	GlobalSection(ProjectConfigurationPlatforms) = postSolution
		{791C637A-BF2C-4AF1-A34B-C9181E63E5C2}.Debug|Any CPU.ActiveCfg = Release|Any CPU
		{791C637A-BF2C-4AF1-A34B-C9181E63E5C2}.Debug|Any CPU.Build.0 = Release|Any CPU
		{791C637A-BF2C-4AF1-A34B-C9181E63E5C2}.Release|Any CPU.ActiveCfg = Release|Any CPU
		{791C637A-BF2C-4AF1-A34B-C9181E63E5C2}.Release|Any CPU.Build.0 = Release|Any CPU
		{61A140F3-66E7-4917-B541-EBC1B19CB658}.Debug|Any CPU.ActiveCfg = Debug|Any CPU
		{61A140F3-66E7-4917-B541-EBC1B19CB658}.Debug|Any CPU.Build.0 = Debug|Any CPU
		{61A140F3-66E7-4917-B541-EBC1B19CB658}.Release|Any CPU.ActiveCfg = Release|Any CPU
		{61A140F3-66E7-4917-B541-EBC1B19CB658}.Release|Any CPU.Build.0 = Release|Any CPU
	EndGlobalSection
	GlobalSection(SolutionProperties) = preSolution
		HideSolutionNode = FALSE
	EndGlobalSection
	GlobalSection(ExtensibilityGlobals) = postSolution
		SolutionGuid = {32AC0A7D-3ABE-41B7-8748-A8C6772BE5C6}
	EndGlobalSection
EndGlobal
