
Microsoft Visual Studio Solution File, Format Version 12.00
# Visual Studio 14
VisualStudioVersion = 14.0.25123.0
MinimumVisualStudioVersion = 10.0.40219.1
Project("{FAE04EC0-301F-11D3-BF4B-00C04F79EFBC}") = "System.Private.ServiceModel", "src\System.Private.ServiceModel.csproj", "{9E50E7BF-CD6E-4269-A6DD-59FD0BD6C0FD}"
EndProject
Project("{2150E333-8FDC-42A3-9474-1A3956D46DE8}") = "tests", "tests", "{405DBC85-4CF8-4763-803E-5C68FBEA5C38}"
EndProject
Project("{FAE04EC0-301F-11D3-BF4B-00C04F79EFBC}") = "System.ServiceModel.Primitives.Tests", "..\System.ServiceModel.Primitives\tests\System.ServiceModel.Primitives.Tests.csproj", "{856A232C-4292-4AC7-87FE-41AE0C22C4E4}"
EndProject
Project("{FAE04EC0-301F-11D3-BF4B-00C04F79EFBC}") = "System.ServiceModel.Http.Tests", "..\System.ServiceModel.Http\tests\System.ServiceModel.Http.Tests.csproj", "{0DE9D9C2-10FB-4DF0-9668-7BD5290EC936}"
EndProject
Project("{FAE04EC0-301F-11D3-BF4B-00C04F79EFBC}") = "System.ServiceModel.NetTcp.Tests", "..\System.ServiceModel.NetTcp\tests\System.ServiceModel.NetTcp.Tests.csproj", "{135C7EE5-6E44-4619-ADD5-589034443AE7}"
EndProject
Project("{FAE04EC0-301F-11D3-BF4B-00C04F79EFBC}") = "System.ServiceModel.Duplex.Tests", "..\System.ServiceModel.Duplex\tests\System.ServiceModel.Duplex.Tests.csproj", "{D18E6999-B42A-449C-91FE-2F78E7A20E6E}"
EndProject
Project("{FAE04EC0-301F-11D3-BF4B-00C04F79EFBC}") = "System.ServiceModel.Security.Tests", "..\System.ServiceModel.Security\tests\System.ServiceModel.Security.Tests.csproj", "{595D6586-EE25-453D-8249-5E7BE6EE8EEB}"
EndProject
Project("{2150E333-8FDC-42A3-9474-1A3956D46DE8}") = "Scenarios", "Scenarios", "{7BB991AA-04B4-4858-BB7B-248195B3CAA2}"
EndProject
Project("{2150E333-8FDC-42A3-9474-1A3956D46DE8}") = "Binding", "Binding", "{AAA09ED1-478F-4101-849E-95A0F39A0E12}"
EndProject
Project("{2150E333-8FDC-42A3-9474-1A3956D46DE8}") = "Custom", "Custom", "{76070E99-7023-4549-A312-54C02FE75B94}"
EndProject
Project("{2150E333-8FDC-42A3-9474-1A3956D46DE8}") = "Http", "Http", "{5DCD695B-556B-4106-A47E-B2DD5C3ACA35}"
EndProject
Project("{FAE04EC0-301F-11D3-BF4B-00C04F79EFBC}") = "Binding.Custom.Tests", "tests\Scenarios\Binding\Custom\Binding.Custom.Tests.csproj", "{EDC88742-E7BF-4B7A-9DE2-55055B81B8F2}"
EndProject
Project("{FAE04EC0-301F-11D3-BF4B-00C04F79EFBC}") = "Binding.Http.Tests", "tests\Scenarios\Binding\Http\Binding.Http.Tests.csproj", "{15636BB6-CD0B-4EC7-B7A8-9AB59A17B625}"
EndProject
Project("{2150E333-8FDC-42A3-9474-1A3956D46DE8}") = "Client", "Client", "{544DBF0D-4157-4A9B-B338-A3B7CBEDDAB5}"
EndProject
Project("{2150E333-8FDC-42A3-9474-1A3956D46DE8}") = "Contract", "Contract", "{2A242B98-FA6E-4FE4-B367-92CB2DC93907}"
EndProject
Project("{2150E333-8FDC-42A3-9474-1A3956D46DE8}") = "Encoding", "Encoding", "{25B39365-EFF1-498D-AA7F-16CFFBDF824E}"
EndProject
Project("{2150E333-8FDC-42A3-9474-1A3956D46DE8}") = "Security", "Security", "{21BE71A6-42C6-4C2F-88A7-C3798748BB05}"
EndProject
Project("{2150E333-8FDC-42A3-9474-1A3956D46DE8}") = "ChannelLayer", "ChannelLayer", "{6927EB07-7C1A-4429-A8EA-A887ECC0CADE}"
EndProject
Project("{2150E333-8FDC-42A3-9474-1A3956D46DE8}") = "ClientBase", "ClientBase", "{54E538E6-2AC6-4954-9C31-37A7579D82EB}"
EndProject
Project("{2150E333-8FDC-42A3-9474-1A3956D46DE8}") = "ExpectedExceptions", "ExpectedExceptions", "{5C078887-B12E-4C96-8A85-A7F7A327BC4C}"
EndProject
Project("{2150E333-8FDC-42A3-9474-1A3956D46DE8}") = "TypedClient", "TypedClient", "{366FA16F-BA53-442B-B76E-E69B4643A80A}"
EndProject
Project("{FAE04EC0-301F-11D3-BF4B-00C04F79EFBC}") = "Client.ChannelLayer.Tests", "tests\Scenarios\Client\ChannelLayer\Client.ChannelLayer.Tests.csproj", "{1DFF7AF1-5873-4984-B871-73F2F9A84239}"
EndProject
Project("{FAE04EC0-301F-11D3-BF4B-00C04F79EFBC}") = "Client.ClientBase.Tests", "tests\Scenarios\Client\ClientBase\Client.ClientBase.Tests.csproj", "{E0142AC1-DA3D-4143-BFF1-7A70EE0981D4}"
EndProject
Project("{FAE04EC0-301F-11D3-BF4B-00C04F79EFBC}") = "Client.ExpectedExceptions.Tests", "tests\Scenarios\Client\ExpectedExceptions\Client.ExpectedExceptions.Tests.csproj", "{C9DBD082-1903-4367-894F-DDF3CEC28A64}"
EndProject
Project("{FAE04EC0-301F-11D3-BF4B-00C04F79EFBC}") = "Client.TypedClient.Tests", "tests\Scenarios\Client\TypedClient\Client.TypedClient.Tests.csproj", "{09EB5A34-9F50-4349-B8D9-D8E82A3FAE8E}"
EndProject
Project("{2150E333-8FDC-42A3-9474-1A3956D46DE8}") = "Data", "Data", "{03663F1B-3701-4E92-A4C8-42D2CCD16FA7}"
EndProject
Project("{2150E333-8FDC-42A3-9474-1A3956D46DE8}") = "Fault", "Fault", "{F093FFF1-7967-4818-8EA7-9EFC020A43F1}"
EndProject
Project("{2150E333-8FDC-42A3-9474-1A3956D46DE8}") = "Message", "Message", "{A16F5D21-36D7-4DFD-A94B-7D9A422917C1}"
EndProject
Project("{2150E333-8FDC-42A3-9474-1A3956D46DE8}") = "Service", "Service", "{BE17D8FE-9869-4EF0-A9B3-C0509E3E1889}"
EndProject
Project("{2150E333-8FDC-42A3-9474-1A3956D46DE8}") = "XmlSerializer", "XmlSerializer", "{02F316F2-42D6-46B5-B653-3692650959C9}"
EndProject
Project("{FAE04EC0-301F-11D3-BF4B-00C04F79EFBC}") = "Contract.Data.Tests", "tests\Scenarios\Contract\Data\Contract.Data.Tests.csproj", "{4361D851-B56C-44CD-B7BD-D9EFD32F94AD}"
EndProject
Project("{FAE04EC0-301F-11D3-BF4B-00C04F79EFBC}") = "Contract.Fault.Tests", "tests\Scenarios\Contract\Fault\Contract.Fault.Tests.csproj", "{0324E738-B6EF-43FB-8321-DC49640D2615}"
EndProject
Project("{FAE04EC0-301F-11D3-BF4B-00C04F79EFBC}") = "Contract.Message.Tests", "tests\Scenarios\Contract\Message\Contract.Message.Tests.csproj", "{A835C2BC-DFD0-4ED6-A240-59FBEE7F0157}"
EndProject
Project("{FAE04EC0-301F-11D3-BF4B-00C04F79EFBC}") = "Contract.Service.Tests", "tests\Scenarios\Contract\Service\Contract.Service.Tests.csproj", "{8773AC5C-5B4D-4745-BECF-01415CB10F1C}"
EndProject
Project("{FAE04EC0-301F-11D3-BF4B-00C04F79EFBC}") = "Contract.XmlSerializer.Tests", "tests\Scenarios\Contract\XmlSerializer\Contract.XmlSerializer.Tests.csproj", "{DA0F8A1F-30A4-4AD4-9C5E-F6743D7ACEFE}"
EndProject
Project("{2150E333-8FDC-42A3-9474-1A3956D46DE8}") = "Encoders", "Encoders", "{90446234-941D-455A-A31F-40A20A9ACF56}"
EndProject
Project("{2150E333-8FDC-42A3-9474-1A3956D46DE8}") = "MessageVersion", "MessageVersion", "{8A3F22C7-8CD3-43AE-A47B-BF7E45FB9FBC}"
EndProject
Project("{FAE04EC0-301F-11D3-BF4B-00C04F79EFBC}") = "Encoding.Encoders.Tests", "tests\Scenarios\Encoding\Encoders\Encoding.Encoders.Tests.csproj", "{F7193054-CE9B-4BC7-8CA9-4FA722CF8CEF}"
EndProject
Project("{FAE04EC0-301F-11D3-BF4B-00C04F79EFBC}") = "Encoding.MessageVersion.Tests", "tests\Scenarios\Encoding\MessageVersion\Encoding.MessageVersion.Tests.csproj", "{604EBABB-0160-48EF-AE10-FEAE8DE39F19}"
EndProject
Project("{2150E333-8FDC-42A3-9474-1A3956D46DE8}") = "TransportSecurity", "TransportSecurity", "{86D8195D-407E-46CE-97F9-C36504586AF7}"
EndProject
Project("{FAE04EC0-301F-11D3-BF4B-00C04F79EFBC}") = "Security.TransportSecurity.Tests", "tests\Scenarios\Security\TransportSecurity\Security.TransportSecurity.Tests.csproj", "{452BA2A7-81AD-4146-AD02-35EC242FF0EB}"
EndProject
Project("{2150E333-8FDC-42A3-9474-1A3956D46DE8}") = "Common", "Common", "{74E570EC-C5E9-4E43-802D-96F5FDD54E18}"
EndProject
Project("{2150E333-8FDC-42A3-9474-1A3956D46DE8}") = "Unit", "Unit", "{D68F5311-C25D-4E7E-A498-6FCC74F56584}"
EndProject
Project("{2150E333-8FDC-42A3-9474-1A3956D46DE8}") = "Infrastructure", "Infrastructure", "{059AF90C-4111-4DFE-915D-050B19D6CC74}"
EndProject
Project("{2150E333-8FDC-42A3-9474-1A3956D46DE8}") = "Scenarios", "Scenarios", "{F33B7952-25FE-4F55-B7A5-594DD6A3A113}"
EndProject
Project("{FAE04EC0-301F-11D3-BF4B-00C04F79EFBC}") = "ScenarioTests.Common", "tests\Common\Scenarios\ScenarioTests.Common.csproj", "{9098B41C-9C2E-4FC6-B7D8-FC3411736A22}"
EndProject
Project("{2150E333-8FDC-42A3-9474-1A3956D46DE8}") = "Unit", "Unit", "{19B3A13A-9F6B-4A28-BB6F-1FCB41AE5BD9}"
EndProject
Project("{FAE04EC0-301F-11D3-BF4B-00C04F79EFBC}") = "UnitTests.Common", "tests\Common\Unit\UnitTests.Common.csproj", "{E896294A-AB4A-4AF5-A01C-A19E3972EFF9}"
EndProject
Project("{2150E333-8FDC-42A3-9474-1A3956D46DE8}") = "Extensibility", "Extensibility", "{435745F5-810B-4FFB-B1DC-759001AC3BEF}"
EndProject
Project("{2150E333-8FDC-42A3-9474-1A3956D46DE8}") = "WebSockets", "WebSockets", "{F3ACFC02-1DE2-4E43-B3B4-A341F761E4B3}"
EndProject
Project("{FAE04EC0-301F-11D3-BF4B-00C04F79EFBC}") = "Extensibility.WebSockets.Tests", "tests\Scenarios\Extensibility\WebSockets\Extensibility.WebSockets.Tests.csproj", "{BAF18A70-9EDA-46E9-80A1-7B5F62215C02}"
EndProject
Project("{2150E333-8FDC-42A3-9474-1A3956D46DE8}") = "MessageEncoder", "MessageEncoder", "{4FAE4347-07FD-4323-AF48-71FE45FC64F7}"
EndProject
Project("{FAE04EC0-301F-11D3-BF4B-00C04F79EFBC}") = "Extensibility.MessageEncoder.Tests", "tests\Scenarios\Extensibility\MessageEncoder\Extensibility.MessageEncoder.Tests.csproj", "{79551997-6C99-446E-B4BF-6F3659FA6B64}"
EndProject
Project("{2150E333-8FDC-42A3-9474-1A3956D46DE8}") = "Tcp", "Tcp", "{FE92F800-1650-4352-85A9-A6D58BDF4D15}"
EndProject
Project("{FAE04EC0-301F-11D3-BF4B-00C04F79EFBC}") = "Binding.Tcp.Tests", "tests\Scenarios\Binding\Tcp\Binding.Tcp.Tests.csproj", "{B10E2B70-C5B6-4824-B8F1-691B1170E4F5}"
EndProject
Project("{FAE04EC0-301F-11D3-BF4B-00C04F79EFBC}") = "Extensibility.MessageInterceptor.Tests", "tests\Scenarios\Extensibility\MessageInterceptor\Extensibility.MessageInterceptor.Tests.csproj", "{FDB2A8DE-C0D5-4536-A9CC-126E4A543907}"
EndProject
Project("{2150E333-8FDC-42A3-9474-1A3956D46DE8}") = "MessageInterceptor", "MessageInterceptor", "{5F73AD7C-F75A-408B-A981-E163D001AFB2}"
EndProject
Project("{2150E333-8FDC-42A3-9474-1A3956D46DE8}") = "Infrastructure", "Infrastructure", "{227ACBA5-80A6-4D18-83A2-E5E6DC6E53A5}"
EndProject
Project("{FAE04EC0-301F-11D3-BF4B-00C04F79EFBC}") = "Infrastructure.Tests", "tests\Scenarios\Infrastructure\Infrastructure.Tests.csproj", "{034CA8C4-5C34-40F9-A9B1-09369F8B80B3}"
EndProject
Project("{FAE04EC0-301F-11D3-BF4B-00C04F79EFBC}") = "Infrastructure.Common", "tests\Common\Infrastructure\Infrastructure.Common.csproj", "{AFD69665-89A3-42AE-A32E-AB2CBBE6EE7E}"
EndProject
Global
	GlobalSection(SolutionConfigurationPlatforms) = preSolution
		Debug|Any CPU = Debug|Any CPU
		Release|Any CPU = Release|Any CPU
		Unix_Debug|Any CPU = Unix_Debug|Any CPU
		Unix_Release|Any CPU = Unix_Release|Any CPU
		Windows_Debug|Any CPU = Windows_Debug|Any CPU
		Windows_netcore50_Debug|Any CPU = Windows_netcore50_Debug|Any CPU
		Windows_netcore50_Release|Any CPU = Windows_netcore50_Release|Any CPU
		Windows_Release|Any CPU = Windows_Release|Any CPU
	EndGlobalSection
	GlobalSection(ProjectConfigurationPlatforms) = postSolution
		{9E50E7BF-CD6E-4269-A6DD-59FD0BD6C0FD}.Debug|Any CPU.ActiveCfg = Windows_Debug|Any CPU
		{9E50E7BF-CD6E-4269-A6DD-59FD0BD6C0FD}.Debug|Any CPU.Build.0 = Windows_Debug|Any CPU
		{9E50E7BF-CD6E-4269-A6DD-59FD0BD6C0FD}.Release|Any CPU.ActiveCfg = Windows_Release|Any CPU
		{9E50E7BF-CD6E-4269-A6DD-59FD0BD6C0FD}.Release|Any CPU.Build.0 = Windows_Release|Any CPU
		{9E50E7BF-CD6E-4269-A6DD-59FD0BD6C0FD}.Unix_Debug|Any CPU.ActiveCfg = Unix_Debug|Any CPU
		{9E50E7BF-CD6E-4269-A6DD-59FD0BD6C0FD}.Unix_Debug|Any CPU.Build.0 = Unix_Debug|Any CPU
		{9E50E7BF-CD6E-4269-A6DD-59FD0BD6C0FD}.Unix_Release|Any CPU.ActiveCfg = Unix_Release|Any CPU
		{9E50E7BF-CD6E-4269-A6DD-59FD0BD6C0FD}.Unix_Release|Any CPU.Build.0 = Unix_Release|Any CPU
		{9E50E7BF-CD6E-4269-A6DD-59FD0BD6C0FD}.Windows_Debug|Any CPU.ActiveCfg = Windows_Debug|Any CPU
		{9E50E7BF-CD6E-4269-A6DD-59FD0BD6C0FD}.Windows_Debug|Any CPU.Build.0 = Windows_Debug|Any CPU
		{9E50E7BF-CD6E-4269-A6DD-59FD0BD6C0FD}.Windows_netcore50_Debug|Any CPU.ActiveCfg = Windows_netcore50_Debug|Any CPU
		{9E50E7BF-CD6E-4269-A6DD-59FD0BD6C0FD}.Windows_netcore50_Debug|Any CPU.Build.0 = Windows_netcore50_Debug|Any CPU
		{9E50E7BF-CD6E-4269-A6DD-59FD0BD6C0FD}.Windows_netcore50_Release|Any CPU.ActiveCfg = Windows_netcore50_Release|Any CPU
		{9E50E7BF-CD6E-4269-A6DD-59FD0BD6C0FD}.Windows_netcore50_Release|Any CPU.Build.0 = Windows_netcore50_Release|Any CPU
		{9E50E7BF-CD6E-4269-A6DD-59FD0BD6C0FD}.Windows_Release|Any CPU.ActiveCfg = Windows_Release|Any CPU
		{9E50E7BF-CD6E-4269-A6DD-59FD0BD6C0FD}.Windows_Release|Any CPU.Build.0 = Windows_Release|Any CPU
		{856A232C-4292-4AC7-87FE-41AE0C22C4E4}.Debug|Any CPU.ActiveCfg = Debug|Any CPU
		{856A232C-4292-4AC7-87FE-41AE0C22C4E4}.Release|Any CPU.ActiveCfg = Debug|Any CPU
		{856A232C-4292-4AC7-87FE-41AE0C22C4E4}.Unix_Debug|Any CPU.ActiveCfg = Debug|Any CPU
		{856A232C-4292-4AC7-87FE-41AE0C22C4E4}.Unix_Release|Any CPU.ActiveCfg = Debug|Any CPU
		{856A232C-4292-4AC7-87FE-41AE0C22C4E4}.Windows_Debug|Any CPU.ActiveCfg = Debug|Any CPU
		{856A232C-4292-4AC7-87FE-41AE0C22C4E4}.Windows_netcore50_Debug|Any CPU.ActiveCfg = Debug|Any CPU
		{856A232C-4292-4AC7-87FE-41AE0C22C4E4}.Windows_netcore50_Release|Any CPU.ActiveCfg = Debug|Any CPU
		{856A232C-4292-4AC7-87FE-41AE0C22C4E4}.Windows_Release|Any CPU.ActiveCfg = Debug|Any CPU
		{0DE9D9C2-10FB-4DF0-9668-7BD5290EC936}.Debug|Any CPU.ActiveCfg = Debug|Any CPU
		{0DE9D9C2-10FB-4DF0-9668-7BD5290EC936}.Release|Any CPU.ActiveCfg = Debug|Any CPU
		{0DE9D9C2-10FB-4DF0-9668-7BD5290EC936}.Unix_Debug|Any CPU.ActiveCfg = Debug|Any CPU
		{0DE9D9C2-10FB-4DF0-9668-7BD5290EC936}.Unix_Release|Any CPU.ActiveCfg = Debug|Any CPU
		{0DE9D9C2-10FB-4DF0-9668-7BD5290EC936}.Windows_Debug|Any CPU.ActiveCfg = Debug|Any CPU
		{0DE9D9C2-10FB-4DF0-9668-7BD5290EC936}.Windows_netcore50_Debug|Any CPU.ActiveCfg = Debug|Any CPU
		{0DE9D9C2-10FB-4DF0-9668-7BD5290EC936}.Windows_netcore50_Release|Any CPU.ActiveCfg = Debug|Any CPU
		{0DE9D9C2-10FB-4DF0-9668-7BD5290EC936}.Windows_Release|Any CPU.ActiveCfg = Debug|Any CPU
		{135C7EE5-6E44-4619-ADD5-589034443AE7}.Debug|Any CPU.ActiveCfg = Debug|Any CPU
		{135C7EE5-6E44-4619-ADD5-589034443AE7}.Release|Any CPU.ActiveCfg = Debug|Any CPU
		{135C7EE5-6E44-4619-ADD5-589034443AE7}.Unix_Debug|Any CPU.ActiveCfg = Debug|Any CPU
		{135C7EE5-6E44-4619-ADD5-589034443AE7}.Unix_Release|Any CPU.ActiveCfg = Debug|Any CPU
		{135C7EE5-6E44-4619-ADD5-589034443AE7}.Windows_Debug|Any CPU.ActiveCfg = Debug|Any CPU
		{135C7EE5-6E44-4619-ADD5-589034443AE7}.Windows_netcore50_Debug|Any CPU.ActiveCfg = Debug|Any CPU
		{135C7EE5-6E44-4619-ADD5-589034443AE7}.Windows_netcore50_Release|Any CPU.ActiveCfg = Debug|Any CPU
		{135C7EE5-6E44-4619-ADD5-589034443AE7}.Windows_Release|Any CPU.ActiveCfg = Debug|Any CPU
		{D18E6999-B42A-449C-91FE-2F78E7A20E6E}.Debug|Any CPU.ActiveCfg = Debug|Any CPU
		{D18E6999-B42A-449C-91FE-2F78E7A20E6E}.Release|Any CPU.ActiveCfg = Debug|Any CPU
		{D18E6999-B42A-449C-91FE-2F78E7A20E6E}.Unix_Debug|Any CPU.ActiveCfg = Debug|Any CPU
		{D18E6999-B42A-449C-91FE-2F78E7A20E6E}.Unix_Release|Any CPU.ActiveCfg = Debug|Any CPU
		{D18E6999-B42A-449C-91FE-2F78E7A20E6E}.Windows_Debug|Any CPU.ActiveCfg = Debug|Any CPU
		{D18E6999-B42A-449C-91FE-2F78E7A20E6E}.Windows_netcore50_Debug|Any CPU.ActiveCfg = Debug|Any CPU
		{D18E6999-B42A-449C-91FE-2F78E7A20E6E}.Windows_netcore50_Release|Any CPU.ActiveCfg = Debug|Any CPU
		{D18E6999-B42A-449C-91FE-2F78E7A20E6E}.Windows_Release|Any CPU.ActiveCfg = Debug|Any CPU
		{595D6586-EE25-453D-8249-5E7BE6EE8EEB}.Debug|Any CPU.ActiveCfg = Debug|Any CPU
		{595D6586-EE25-453D-8249-5E7BE6EE8EEB}.Release|Any CPU.ActiveCfg = Debug|Any CPU
		{595D6586-EE25-453D-8249-5E7BE6EE8EEB}.Unix_Debug|Any CPU.ActiveCfg = Debug|Any CPU
		{595D6586-EE25-453D-8249-5E7BE6EE8EEB}.Unix_Release|Any CPU.ActiveCfg = Debug|Any CPU
		{595D6586-EE25-453D-8249-5E7BE6EE8EEB}.Windows_Debug|Any CPU.ActiveCfg = Debug|Any CPU
		{595D6586-EE25-453D-8249-5E7BE6EE8EEB}.Windows_netcore50_Debug|Any CPU.ActiveCfg = Debug|Any CPU
		{595D6586-EE25-453D-8249-5E7BE6EE8EEB}.Windows_netcore50_Release|Any CPU.ActiveCfg = Debug|Any CPU
		{595D6586-EE25-453D-8249-5E7BE6EE8EEB}.Windows_Release|Any CPU.ActiveCfg = Debug|Any CPU
		{EDC88742-E7BF-4B7A-9DE2-55055B81B8F2}.Debug|Any CPU.ActiveCfg = Debug|Any CPU
		{EDC88742-E7BF-4B7A-9DE2-55055B81B8F2}.Release|Any CPU.ActiveCfg = Debug|Any CPU
		{EDC88742-E7BF-4B7A-9DE2-55055B81B8F2}.Unix_Debug|Any CPU.ActiveCfg = Debug|Any CPU
		{EDC88742-E7BF-4B7A-9DE2-55055B81B8F2}.Unix_Release|Any CPU.ActiveCfg = Debug|Any CPU
		{EDC88742-E7BF-4B7A-9DE2-55055B81B8F2}.Windows_Debug|Any CPU.ActiveCfg = Debug|Any CPU
		{EDC88742-E7BF-4B7A-9DE2-55055B81B8F2}.Windows_netcore50_Debug|Any CPU.ActiveCfg = Debug|Any CPU
		{EDC88742-E7BF-4B7A-9DE2-55055B81B8F2}.Windows_netcore50_Release|Any CPU.ActiveCfg = Debug|Any CPU
		{EDC88742-E7BF-4B7A-9DE2-55055B81B8F2}.Windows_Release|Any CPU.ActiveCfg = Debug|Any CPU
		{15636BB6-CD0B-4EC7-B7A8-9AB59A17B625}.Debug|Any CPU.ActiveCfg = Debug|Any CPU
		{15636BB6-CD0B-4EC7-B7A8-9AB59A17B625}.Release|Any CPU.ActiveCfg = Debug|Any CPU
		{15636BB6-CD0B-4EC7-B7A8-9AB59A17B625}.Unix_Debug|Any CPU.ActiveCfg = Debug|Any CPU
		{15636BB6-CD0B-4EC7-B7A8-9AB59A17B625}.Unix_Release|Any CPU.ActiveCfg = Debug|Any CPU
		{15636BB6-CD0B-4EC7-B7A8-9AB59A17B625}.Windows_Debug|Any CPU.ActiveCfg = Debug|Any CPU
		{15636BB6-CD0B-4EC7-B7A8-9AB59A17B625}.Windows_netcore50_Debug|Any CPU.ActiveCfg = Debug|Any CPU
		{15636BB6-CD0B-4EC7-B7A8-9AB59A17B625}.Windows_netcore50_Release|Any CPU.ActiveCfg = Debug|Any CPU
		{15636BB6-CD0B-4EC7-B7A8-9AB59A17B625}.Windows_Release|Any CPU.ActiveCfg = Debug|Any CPU
		{1DFF7AF1-5873-4984-B871-73F2F9A84239}.Debug|Any CPU.ActiveCfg = Debug|Any CPU
		{1DFF7AF1-5873-4984-B871-73F2F9A84239}.Release|Any CPU.ActiveCfg = Debug|Any CPU
		{1DFF7AF1-5873-4984-B871-73F2F9A84239}.Unix_Debug|Any CPU.ActiveCfg = Debug|Any CPU
		{1DFF7AF1-5873-4984-B871-73F2F9A84239}.Unix_Release|Any CPU.ActiveCfg = Debug|Any CPU
		{1DFF7AF1-5873-4984-B871-73F2F9A84239}.Windows_Debug|Any CPU.ActiveCfg = Debug|Any CPU
		{1DFF7AF1-5873-4984-B871-73F2F9A84239}.Windows_netcore50_Debug|Any CPU.ActiveCfg = Debug|Any CPU
		{1DFF7AF1-5873-4984-B871-73F2F9A84239}.Windows_netcore50_Release|Any CPU.ActiveCfg = Debug|Any CPU
		{1DFF7AF1-5873-4984-B871-73F2F9A84239}.Windows_Release|Any CPU.ActiveCfg = Debug|Any CPU
		{E0142AC1-DA3D-4143-BFF1-7A70EE0981D4}.Debug|Any CPU.ActiveCfg = Debug|Any CPU
		{E0142AC1-DA3D-4143-BFF1-7A70EE0981D4}.Release|Any CPU.ActiveCfg = Debug|Any CPU
		{E0142AC1-DA3D-4143-BFF1-7A70EE0981D4}.Unix_Debug|Any CPU.ActiveCfg = Debug|Any CPU
		{E0142AC1-DA3D-4143-BFF1-7A70EE0981D4}.Unix_Release|Any CPU.ActiveCfg = Debug|Any CPU
		{E0142AC1-DA3D-4143-BFF1-7A70EE0981D4}.Windows_Debug|Any CPU.ActiveCfg = Debug|Any CPU
		{E0142AC1-DA3D-4143-BFF1-7A70EE0981D4}.Windows_netcore50_Debug|Any CPU.ActiveCfg = Debug|Any CPU
		{E0142AC1-DA3D-4143-BFF1-7A70EE0981D4}.Windows_netcore50_Release|Any CPU.ActiveCfg = Debug|Any CPU
		{E0142AC1-DA3D-4143-BFF1-7A70EE0981D4}.Windows_Release|Any CPU.ActiveCfg = Debug|Any CPU
		{C9DBD082-1903-4367-894F-DDF3CEC28A64}.Debug|Any CPU.ActiveCfg = Debug|Any CPU
		{C9DBD082-1903-4367-894F-DDF3CEC28A64}.Release|Any CPU.ActiveCfg = Debug|Any CPU
		{C9DBD082-1903-4367-894F-DDF3CEC28A64}.Unix_Debug|Any CPU.ActiveCfg = Debug|Any CPU
		{C9DBD082-1903-4367-894F-DDF3CEC28A64}.Unix_Release|Any CPU.ActiveCfg = Debug|Any CPU
		{C9DBD082-1903-4367-894F-DDF3CEC28A64}.Windows_Debug|Any CPU.ActiveCfg = Debug|Any CPU
		{C9DBD082-1903-4367-894F-DDF3CEC28A64}.Windows_netcore50_Debug|Any CPU.ActiveCfg = Debug|Any CPU
		{C9DBD082-1903-4367-894F-DDF3CEC28A64}.Windows_netcore50_Release|Any CPU.ActiveCfg = Debug|Any CPU
		{C9DBD082-1903-4367-894F-DDF3CEC28A64}.Windows_Release|Any CPU.ActiveCfg = Debug|Any CPU
		{09EB5A34-9F50-4349-B8D9-D8E82A3FAE8E}.Debug|Any CPU.ActiveCfg = Debug|Any CPU
		{09EB5A34-9F50-4349-B8D9-D8E82A3FAE8E}.Release|Any CPU.ActiveCfg = Debug|Any CPU
		{09EB5A34-9F50-4349-B8D9-D8E82A3FAE8E}.Unix_Debug|Any CPU.ActiveCfg = Debug|Any CPU
		{09EB5A34-9F50-4349-B8D9-D8E82A3FAE8E}.Unix_Release|Any CPU.ActiveCfg = Debug|Any CPU
		{09EB5A34-9F50-4349-B8D9-D8E82A3FAE8E}.Windows_Debug|Any CPU.ActiveCfg = Debug|Any CPU
		{09EB5A34-9F50-4349-B8D9-D8E82A3FAE8E}.Windows_netcore50_Debug|Any CPU.ActiveCfg = Debug|Any CPU
		{09EB5A34-9F50-4349-B8D9-D8E82A3FAE8E}.Windows_netcore50_Release|Any CPU.ActiveCfg = Debug|Any CPU
		{09EB5A34-9F50-4349-B8D9-D8E82A3FAE8E}.Windows_Release|Any CPU.ActiveCfg = Debug|Any CPU
		{4361D851-B56C-44CD-B7BD-D9EFD32F94AD}.Debug|Any CPU.ActiveCfg = Debug|Any CPU
		{4361D851-B56C-44CD-B7BD-D9EFD32F94AD}.Release|Any CPU.ActiveCfg = Debug|Any CPU
		{4361D851-B56C-44CD-B7BD-D9EFD32F94AD}.Unix_Debug|Any CPU.ActiveCfg = Debug|Any CPU
		{4361D851-B56C-44CD-B7BD-D9EFD32F94AD}.Unix_Release|Any CPU.ActiveCfg = Debug|Any CPU
		{4361D851-B56C-44CD-B7BD-D9EFD32F94AD}.Windows_Debug|Any CPU.ActiveCfg = Debug|Any CPU
		{4361D851-B56C-44CD-B7BD-D9EFD32F94AD}.Windows_netcore50_Debug|Any CPU.ActiveCfg = Debug|Any CPU
		{4361D851-B56C-44CD-B7BD-D9EFD32F94AD}.Windows_netcore50_Release|Any CPU.ActiveCfg = Debug|Any CPU
		{4361D851-B56C-44CD-B7BD-D9EFD32F94AD}.Windows_Release|Any CPU.ActiveCfg = Debug|Any CPU
		{0324E738-B6EF-43FB-8321-DC49640D2615}.Debug|Any CPU.ActiveCfg = Debug|Any CPU
		{0324E738-B6EF-43FB-8321-DC49640D2615}.Release|Any CPU.ActiveCfg = Debug|Any CPU
		{0324E738-B6EF-43FB-8321-DC49640D2615}.Unix_Debug|Any CPU.ActiveCfg = Debug|Any CPU
		{0324E738-B6EF-43FB-8321-DC49640D2615}.Unix_Release|Any CPU.ActiveCfg = Debug|Any CPU
		{0324E738-B6EF-43FB-8321-DC49640D2615}.Windows_Debug|Any CPU.ActiveCfg = Debug|Any CPU
		{0324E738-B6EF-43FB-8321-DC49640D2615}.Windows_netcore50_Debug|Any CPU.ActiveCfg = Debug|Any CPU
		{0324E738-B6EF-43FB-8321-DC49640D2615}.Windows_netcore50_Release|Any CPU.ActiveCfg = Debug|Any CPU
		{0324E738-B6EF-43FB-8321-DC49640D2615}.Windows_Release|Any CPU.ActiveCfg = Debug|Any CPU
		{A835C2BC-DFD0-4ED6-A240-59FBEE7F0157}.Debug|Any CPU.ActiveCfg = Debug|Any CPU
		{A835C2BC-DFD0-4ED6-A240-59FBEE7F0157}.Release|Any CPU.ActiveCfg = Debug|Any CPU
		{A835C2BC-DFD0-4ED6-A240-59FBEE7F0157}.Unix_Debug|Any CPU.ActiveCfg = Debug|Any CPU
		{A835C2BC-DFD0-4ED6-A240-59FBEE7F0157}.Unix_Release|Any CPU.ActiveCfg = Debug|Any CPU
		{A835C2BC-DFD0-4ED6-A240-59FBEE7F0157}.Windows_Debug|Any CPU.ActiveCfg = Debug|Any CPU
		{A835C2BC-DFD0-4ED6-A240-59FBEE7F0157}.Windows_netcore50_Debug|Any CPU.ActiveCfg = Debug|Any CPU
		{A835C2BC-DFD0-4ED6-A240-59FBEE7F0157}.Windows_netcore50_Release|Any CPU.ActiveCfg = Debug|Any CPU
		{A835C2BC-DFD0-4ED6-A240-59FBEE7F0157}.Windows_Release|Any CPU.ActiveCfg = Debug|Any CPU
		{8773AC5C-5B4D-4745-BECF-01415CB10F1C}.Debug|Any CPU.ActiveCfg = Debug|Any CPU
		{8773AC5C-5B4D-4745-BECF-01415CB10F1C}.Release|Any CPU.ActiveCfg = Debug|Any CPU
		{8773AC5C-5B4D-4745-BECF-01415CB10F1C}.Unix_Debug|Any CPU.ActiveCfg = Debug|Any CPU
		{8773AC5C-5B4D-4745-BECF-01415CB10F1C}.Unix_Release|Any CPU.ActiveCfg = Debug|Any CPU
		{8773AC5C-5B4D-4745-BECF-01415CB10F1C}.Windows_Debug|Any CPU.ActiveCfg = Debug|Any CPU
		{8773AC5C-5B4D-4745-BECF-01415CB10F1C}.Windows_netcore50_Debug|Any CPU.ActiveCfg = Debug|Any CPU
		{8773AC5C-5B4D-4745-BECF-01415CB10F1C}.Windows_netcore50_Release|Any CPU.ActiveCfg = Debug|Any CPU
		{8773AC5C-5B4D-4745-BECF-01415CB10F1C}.Windows_Release|Any CPU.ActiveCfg = Debug|Any CPU
		{DA0F8A1F-30A4-4AD4-9C5E-F6743D7ACEFE}.Debug|Any CPU.ActiveCfg = Debug|Any CPU
		{DA0F8A1F-30A4-4AD4-9C5E-F6743D7ACEFE}.Release|Any CPU.ActiveCfg = Debug|Any CPU
		{DA0F8A1F-30A4-4AD4-9C5E-F6743D7ACEFE}.Unix_Debug|Any CPU.ActiveCfg = Debug|Any CPU
		{DA0F8A1F-30A4-4AD4-9C5E-F6743D7ACEFE}.Unix_Release|Any CPU.ActiveCfg = Debug|Any CPU
		{DA0F8A1F-30A4-4AD4-9C5E-F6743D7ACEFE}.Windows_Debug|Any CPU.ActiveCfg = Debug|Any CPU
		{DA0F8A1F-30A4-4AD4-9C5E-F6743D7ACEFE}.Windows_netcore50_Debug|Any CPU.ActiveCfg = Debug|Any CPU
		{DA0F8A1F-30A4-4AD4-9C5E-F6743D7ACEFE}.Windows_netcore50_Release|Any CPU.ActiveCfg = Debug|Any CPU
		{DA0F8A1F-30A4-4AD4-9C5E-F6743D7ACEFE}.Windows_Release|Any CPU.ActiveCfg = Debug|Any CPU
		{F7193054-CE9B-4BC7-8CA9-4FA722CF8CEF}.Debug|Any CPU.ActiveCfg = Debug|Any CPU
		{F7193054-CE9B-4BC7-8CA9-4FA722CF8CEF}.Release|Any CPU.ActiveCfg = Debug|Any CPU
		{F7193054-CE9B-4BC7-8CA9-4FA722CF8CEF}.Unix_Debug|Any CPU.ActiveCfg = Debug|Any CPU
		{F7193054-CE9B-4BC7-8CA9-4FA722CF8CEF}.Unix_Release|Any CPU.ActiveCfg = Debug|Any CPU
		{F7193054-CE9B-4BC7-8CA9-4FA722CF8CEF}.Windows_Debug|Any CPU.ActiveCfg = Debug|Any CPU
		{F7193054-CE9B-4BC7-8CA9-4FA722CF8CEF}.Windows_netcore50_Debug|Any CPU.ActiveCfg = Debug|Any CPU
		{F7193054-CE9B-4BC7-8CA9-4FA722CF8CEF}.Windows_netcore50_Release|Any CPU.ActiveCfg = Debug|Any CPU
		{F7193054-CE9B-4BC7-8CA9-4FA722CF8CEF}.Windows_Release|Any CPU.ActiveCfg = Debug|Any CPU
		{604EBABB-0160-48EF-AE10-FEAE8DE39F19}.Debug|Any CPU.ActiveCfg = Debug|Any CPU
		{604EBABB-0160-48EF-AE10-FEAE8DE39F19}.Release|Any CPU.ActiveCfg = Debug|Any CPU
		{604EBABB-0160-48EF-AE10-FEAE8DE39F19}.Unix_Debug|Any CPU.ActiveCfg = Debug|Any CPU
		{604EBABB-0160-48EF-AE10-FEAE8DE39F19}.Unix_Release|Any CPU.ActiveCfg = Debug|Any CPU
		{604EBABB-0160-48EF-AE10-FEAE8DE39F19}.Windows_Debug|Any CPU.ActiveCfg = Debug|Any CPU
		{604EBABB-0160-48EF-AE10-FEAE8DE39F19}.Windows_netcore50_Debug|Any CPU.ActiveCfg = Debug|Any CPU
		{604EBABB-0160-48EF-AE10-FEAE8DE39F19}.Windows_netcore50_Release|Any CPU.ActiveCfg = Debug|Any CPU
		{604EBABB-0160-48EF-AE10-FEAE8DE39F19}.Windows_Release|Any CPU.ActiveCfg = Debug|Any CPU
		{452BA2A7-81AD-4146-AD02-35EC242FF0EB}.Debug|Any CPU.ActiveCfg = Debug|Any CPU
		{452BA2A7-81AD-4146-AD02-35EC242FF0EB}.Release|Any CPU.ActiveCfg = Debug|Any CPU
		{452BA2A7-81AD-4146-AD02-35EC242FF0EB}.Unix_Debug|Any CPU.ActiveCfg = Debug|Any CPU
		{452BA2A7-81AD-4146-AD02-35EC242FF0EB}.Unix_Release|Any CPU.ActiveCfg = Debug|Any CPU
		{452BA2A7-81AD-4146-AD02-35EC242FF0EB}.Windows_Debug|Any CPU.ActiveCfg = Debug|Any CPU
		{452BA2A7-81AD-4146-AD02-35EC242FF0EB}.Windows_netcore50_Debug|Any CPU.ActiveCfg = Debug|Any CPU
		{452BA2A7-81AD-4146-AD02-35EC242FF0EB}.Windows_netcore50_Release|Any CPU.ActiveCfg = Debug|Any CPU
		{452BA2A7-81AD-4146-AD02-35EC242FF0EB}.Windows_Release|Any CPU.ActiveCfg = Debug|Any CPU
		{9098B41C-9C2E-4FC6-B7D8-FC3411736A22}.Debug|Any CPU.ActiveCfg = Debug|Any CPU
		{9098B41C-9C2E-4FC6-B7D8-FC3411736A22}.Release|Any CPU.ActiveCfg = Debug|Any CPU
		{9098B41C-9C2E-4FC6-B7D8-FC3411736A22}.Unix_Debug|Any CPU.ActiveCfg = Debug|Any CPU
		{9098B41C-9C2E-4FC6-B7D8-FC3411736A22}.Unix_Release|Any CPU.ActiveCfg = Debug|Any CPU
		{9098B41C-9C2E-4FC6-B7D8-FC3411736A22}.Windows_Debug|Any CPU.ActiveCfg = Debug|Any CPU
		{9098B41C-9C2E-4FC6-B7D8-FC3411736A22}.Windows_netcore50_Debug|Any CPU.ActiveCfg = Debug|Any CPU
		{9098B41C-9C2E-4FC6-B7D8-FC3411736A22}.Windows_netcore50_Release|Any CPU.ActiveCfg = Debug|Any CPU
		{9098B41C-9C2E-4FC6-B7D8-FC3411736A22}.Windows_Release|Any CPU.ActiveCfg = Debug|Any CPU
		{E896294A-AB4A-4AF5-A01C-A19E3972EFF9}.Debug|Any CPU.ActiveCfg = Debug|Any CPU
		{E896294A-AB4A-4AF5-A01C-A19E3972EFF9}.Release|Any CPU.ActiveCfg = Debug|Any CPU
		{E896294A-AB4A-4AF5-A01C-A19E3972EFF9}.Unix_Debug|Any CPU.ActiveCfg = Debug|Any CPU
		{E896294A-AB4A-4AF5-A01C-A19E3972EFF9}.Unix_Release|Any CPU.ActiveCfg = Debug|Any CPU
		{E896294A-AB4A-4AF5-A01C-A19E3972EFF9}.Windows_Debug|Any CPU.ActiveCfg = Debug|Any CPU
		{E896294A-AB4A-4AF5-A01C-A19E3972EFF9}.Windows_netcore50_Debug|Any CPU.ActiveCfg = Debug|Any CPU
		{E896294A-AB4A-4AF5-A01C-A19E3972EFF9}.Windows_netcore50_Release|Any CPU.ActiveCfg = Debug|Any CPU
		{E896294A-AB4A-4AF5-A01C-A19E3972EFF9}.Windows_Release|Any CPU.ActiveCfg = Debug|Any CPU
		{BAF18A70-9EDA-46E9-80A1-7B5F62215C02}.Debug|Any CPU.ActiveCfg = Debug|Any CPU
		{BAF18A70-9EDA-46E9-80A1-7B5F62215C02}.Release|Any CPU.ActiveCfg = Debug|Any CPU
		{BAF18A70-9EDA-46E9-80A1-7B5F62215C02}.Unix_Debug|Any CPU.ActiveCfg = Debug|Any CPU
		{BAF18A70-9EDA-46E9-80A1-7B5F62215C02}.Unix_Release|Any CPU.ActiveCfg = Debug|Any CPU
		{BAF18A70-9EDA-46E9-80A1-7B5F62215C02}.Windows_Debug|Any CPU.ActiveCfg = Debug|Any CPU
		{BAF18A70-9EDA-46E9-80A1-7B5F62215C02}.Windows_netcore50_Debug|Any CPU.ActiveCfg = Debug|Any CPU
		{BAF18A70-9EDA-46E9-80A1-7B5F62215C02}.Windows_netcore50_Release|Any CPU.ActiveCfg = Debug|Any CPU
		{BAF18A70-9EDA-46E9-80A1-7B5F62215C02}.Windows_Release|Any CPU.ActiveCfg = Debug|Any CPU
		{79551997-6C99-446E-B4BF-6F3659FA6B64}.Debug|Any CPU.ActiveCfg = Debug|Any CPU
		{79551997-6C99-446E-B4BF-6F3659FA6B64}.Release|Any CPU.ActiveCfg = Debug|Any CPU
		{79551997-6C99-446E-B4BF-6F3659FA6B64}.Unix_Debug|Any CPU.ActiveCfg = Debug|Any CPU
		{79551997-6C99-446E-B4BF-6F3659FA6B64}.Unix_Release|Any CPU.ActiveCfg = Debug|Any CPU
		{79551997-6C99-446E-B4BF-6F3659FA6B64}.Windows_Debug|Any CPU.ActiveCfg = Debug|Any CPU
		{79551997-6C99-446E-B4BF-6F3659FA6B64}.Windows_netcore50_Debug|Any CPU.ActiveCfg = Debug|Any CPU
		{79551997-6C99-446E-B4BF-6F3659FA6B64}.Windows_netcore50_Release|Any CPU.ActiveCfg = Debug|Any CPU
		{79551997-6C99-446E-B4BF-6F3659FA6B64}.Windows_Release|Any CPU.ActiveCfg = Debug|Any CPU
		{B10E2B70-C5B6-4824-B8F1-691B1170E4F5}.Debug|Any CPU.ActiveCfg = Debug|Any CPU
		{B10E2B70-C5B6-4824-B8F1-691B1170E4F5}.Release|Any CPU.ActiveCfg = Debug|Any CPU
		{B10E2B70-C5B6-4824-B8F1-691B1170E4F5}.Unix_Debug|Any CPU.ActiveCfg = Debug|Any CPU
		{B10E2B70-C5B6-4824-B8F1-691B1170E4F5}.Unix_Release|Any CPU.ActiveCfg = Debug|Any CPU
		{B10E2B70-C5B6-4824-B8F1-691B1170E4F5}.Windows_Debug|Any CPU.ActiveCfg = Debug|Any CPU
		{B10E2B70-C5B6-4824-B8F1-691B1170E4F5}.Windows_netcore50_Debug|Any CPU.ActiveCfg = Debug|Any CPU
		{B10E2B70-C5B6-4824-B8F1-691B1170E4F5}.Windows_netcore50_Release|Any CPU.ActiveCfg = Debug|Any CPU
		{B10E2B70-C5B6-4824-B8F1-691B1170E4F5}.Windows_Release|Any CPU.ActiveCfg = Debug|Any CPU
		{FDB2A8DE-C0D5-4536-A9CC-126E4A543907}.Debug|Any CPU.ActiveCfg = Debug|Any CPU
		{FDB2A8DE-C0D5-4536-A9CC-126E4A543907}.Release|Any CPU.ActiveCfg = Debug|Any CPU
		{FDB2A8DE-C0D5-4536-A9CC-126E4A543907}.Unix_Debug|Any CPU.ActiveCfg = Debug|Any CPU
		{FDB2A8DE-C0D5-4536-A9CC-126E4A543907}.Unix_Release|Any CPU.ActiveCfg = Debug|Any CPU
		{FDB2A8DE-C0D5-4536-A9CC-126E4A543907}.Windows_Debug|Any CPU.ActiveCfg = Debug|Any CPU
		{FDB2A8DE-C0D5-4536-A9CC-126E4A543907}.Windows_netcore50_Debug|Any CPU.ActiveCfg = Debug|Any CPU
		{FDB2A8DE-C0D5-4536-A9CC-126E4A543907}.Windows_netcore50_Release|Any CPU.ActiveCfg = Debug|Any CPU
		{FDB2A8DE-C0D5-4536-A9CC-126E4A543907}.Windows_Release|Any CPU.ActiveCfg = Debug|Any CPU
		{034CA8C4-5C34-40F9-A9B1-09369F8B80B3}.Debug|Any CPU.ActiveCfg = Debug|Any CPU
		{034CA8C4-5C34-40F9-A9B1-09369F8B80B3}.Release|Any CPU.ActiveCfg = Debug|Any CPU
		{034CA8C4-5C34-40F9-A9B1-09369F8B80B3}.Unix_Debug|Any CPU.ActiveCfg = Debug|Any CPU
		{034CA8C4-5C34-40F9-A9B1-09369F8B80B3}.Unix_Release|Any CPU.ActiveCfg = Debug|Any CPU
		{034CA8C4-5C34-40F9-A9B1-09369F8B80B3}.Windows_Debug|Any CPU.ActiveCfg = Debug|Any CPU
		{034CA8C4-5C34-40F9-A9B1-09369F8B80B3}.Windows_netcore50_Debug|Any CPU.ActiveCfg = Debug|Any CPU
		{034CA8C4-5C34-40F9-A9B1-09369F8B80B3}.Windows_netcore50_Release|Any CPU.ActiveCfg = Debug|Any CPU
		{034CA8C4-5C34-40F9-A9B1-09369F8B80B3}.Windows_Release|Any CPU.ActiveCfg = Debug|Any CPU
		{AFD69665-89A3-42AE-A32E-AB2CBBE6EE7E}.Debug|Any CPU.ActiveCfg = Debug|Any CPU
		{AFD69665-89A3-42AE-A32E-AB2CBBE6EE7E}.Release|Any CPU.ActiveCfg = Debug|Any CPU
		{AFD69665-89A3-42AE-A32E-AB2CBBE6EE7E}.Unix_Debug|Any CPU.ActiveCfg = Debug|Any CPU
		{AFD69665-89A3-42AE-A32E-AB2CBBE6EE7E}.Unix_Release|Any CPU.ActiveCfg = Debug|Any CPU
		{AFD69665-89A3-42AE-A32E-AB2CBBE6EE7E}.Windows_Debug|Any CPU.ActiveCfg = Debug|Any CPU
		{AFD69665-89A3-42AE-A32E-AB2CBBE6EE7E}.Windows_netcore50_Debug|Any CPU.ActiveCfg = Debug|Any CPU
		{AFD69665-89A3-42AE-A32E-AB2CBBE6EE7E}.Windows_netcore50_Release|Any CPU.ActiveCfg = Debug|Any CPU
		{AFD69665-89A3-42AE-A32E-AB2CBBE6EE7E}.Windows_Release|Any CPU.ActiveCfg = Debug|Any CPU
	EndGlobalSection
	GlobalSection(SolutionProperties) = preSolution
		HideSolutionNode = FALSE
	EndGlobalSection
	GlobalSection(NestedProjects) = preSolution
		{856A232C-4292-4AC7-87FE-41AE0C22C4E4} = {D68F5311-C25D-4E7E-A498-6FCC74F56584}
		{0DE9D9C2-10FB-4DF0-9668-7BD5290EC936} = {D68F5311-C25D-4E7E-A498-6FCC74F56584}
		{135C7EE5-6E44-4619-ADD5-589034443AE7} = {D68F5311-C25D-4E7E-A498-6FCC74F56584}
		{D18E6999-B42A-449C-91FE-2F78E7A20E6E} = {D68F5311-C25D-4E7E-A498-6FCC74F56584}
		{595D6586-EE25-453D-8249-5E7BE6EE8EEB} = {D68F5311-C25D-4E7E-A498-6FCC74F56584}
		{7BB991AA-04B4-4858-BB7B-248195B3CAA2} = {405DBC85-4CF8-4763-803E-5C68FBEA5C38}
		{AAA09ED1-478F-4101-849E-95A0F39A0E12} = {7BB991AA-04B4-4858-BB7B-248195B3CAA2}
		{76070E99-7023-4549-A312-54C02FE75B94} = {AAA09ED1-478F-4101-849E-95A0F39A0E12}
		{5DCD695B-556B-4106-A47E-B2DD5C3ACA35} = {AAA09ED1-478F-4101-849E-95A0F39A0E12}
		{EDC88742-E7BF-4B7A-9DE2-55055B81B8F2} = {76070E99-7023-4549-A312-54C02FE75B94}
		{15636BB6-CD0B-4EC7-B7A8-9AB59A17B625} = {5DCD695B-556B-4106-A47E-B2DD5C3ACA35}
		{544DBF0D-4157-4A9B-B338-A3B7CBEDDAB5} = {7BB991AA-04B4-4858-BB7B-248195B3CAA2}
		{2A242B98-FA6E-4FE4-B367-92CB2DC93907} = {7BB991AA-04B4-4858-BB7B-248195B3CAA2}
		{25B39365-EFF1-498D-AA7F-16CFFBDF824E} = {7BB991AA-04B4-4858-BB7B-248195B3CAA2}
		{21BE71A6-42C6-4C2F-88A7-C3798748BB05} = {7BB991AA-04B4-4858-BB7B-248195B3CAA2}
		{6927EB07-7C1A-4429-A8EA-A887ECC0CADE} = {544DBF0D-4157-4A9B-B338-A3B7CBEDDAB5}
		{54E538E6-2AC6-4954-9C31-37A7579D82EB} = {544DBF0D-4157-4A9B-B338-A3B7CBEDDAB5}
		{5C078887-B12E-4C96-8A85-A7F7A327BC4C} = {544DBF0D-4157-4A9B-B338-A3B7CBEDDAB5}
		{366FA16F-BA53-442B-B76E-E69B4643A80A} = {544DBF0D-4157-4A9B-B338-A3B7CBEDDAB5}
		{1DFF7AF1-5873-4984-B871-73F2F9A84239} = {6927EB07-7C1A-4429-A8EA-A887ECC0CADE}
		{E0142AC1-DA3D-4143-BFF1-7A70EE0981D4} = {54E538E6-2AC6-4954-9C31-37A7579D82EB}
		{C9DBD082-1903-4367-894F-DDF3CEC28A64} = {5C078887-B12E-4C96-8A85-A7F7A327BC4C}
		{09EB5A34-9F50-4349-B8D9-D8E82A3FAE8E} = {366FA16F-BA53-442B-B76E-E69B4643A80A}
		{03663F1B-3701-4E92-A4C8-42D2CCD16FA7} = {2A242B98-FA6E-4FE4-B367-92CB2DC93907}
		{F093FFF1-7967-4818-8EA7-9EFC020A43F1} = {2A242B98-FA6E-4FE4-B367-92CB2DC93907}
		{A16F5D21-36D7-4DFD-A94B-7D9A422917C1} = {2A242B98-FA6E-4FE4-B367-92CB2DC93907}
		{BE17D8FE-9869-4EF0-A9B3-C0509E3E1889} = {2A242B98-FA6E-4FE4-B367-92CB2DC93907}
		{02F316F2-42D6-46B5-B653-3692650959C9} = {2A242B98-FA6E-4FE4-B367-92CB2DC93907}
		{4361D851-B56C-44CD-B7BD-D9EFD32F94AD} = {03663F1B-3701-4E92-A4C8-42D2CCD16FA7}
		{0324E738-B6EF-43FB-8321-DC49640D2615} = {F093FFF1-7967-4818-8EA7-9EFC020A43F1}
		{A835C2BC-DFD0-4ED6-A240-59FBEE7F0157} = {A16F5D21-36D7-4DFD-A94B-7D9A422917C1}
		{8773AC5C-5B4D-4745-BECF-01415CB10F1C} = {BE17D8FE-9869-4EF0-A9B3-C0509E3E1889}
		{DA0F8A1F-30A4-4AD4-9C5E-F6743D7ACEFE} = {02F316F2-42D6-46B5-B653-3692650959C9}
		{90446234-941D-455A-A31F-40A20A9ACF56} = {25B39365-EFF1-498D-AA7F-16CFFBDF824E}
		{8A3F22C7-8CD3-43AE-A47B-BF7E45FB9FBC} = {25B39365-EFF1-498D-AA7F-16CFFBDF824E}
		{F7193054-CE9B-4BC7-8CA9-4FA722CF8CEF} = {90446234-941D-455A-A31F-40A20A9ACF56}
		{604EBABB-0160-48EF-AE10-FEAE8DE39F19} = {8A3F22C7-8CD3-43AE-A47B-BF7E45FB9FBC}
		{86D8195D-407E-46CE-97F9-C36504586AF7} = {21BE71A6-42C6-4C2F-88A7-C3798748BB05}
		{452BA2A7-81AD-4146-AD02-35EC242FF0EB} = {86D8195D-407E-46CE-97F9-C36504586AF7}
		{74E570EC-C5E9-4E43-802D-96F5FDD54E18} = {405DBC85-4CF8-4763-803E-5C68FBEA5C38}
		{D68F5311-C25D-4E7E-A498-6FCC74F56584} = {405DBC85-4CF8-4763-803E-5C68FBEA5C38}
		{059AF90C-4111-4DFE-915D-050B19D6CC74} = {74E570EC-C5E9-4E43-802D-96F5FDD54E18}
		{F33B7952-25FE-4F55-B7A5-594DD6A3A113} = {74E570EC-C5E9-4E43-802D-96F5FDD54E18}
		{9098B41C-9C2E-4FC6-B7D8-FC3411736A22} = {F33B7952-25FE-4F55-B7A5-594DD6A3A113}
		{19B3A13A-9F6B-4A28-BB6F-1FCB41AE5BD9} = {74E570EC-C5E9-4E43-802D-96F5FDD54E18}
		{E896294A-AB4A-4AF5-A01C-A19E3972EFF9} = {19B3A13A-9F6B-4A28-BB6F-1FCB41AE5BD9}
		{435745F5-810B-4FFB-B1DC-759001AC3BEF} = {7BB991AA-04B4-4858-BB7B-248195B3CAA2}
		{F3ACFC02-1DE2-4E43-B3B4-A341F761E4B3} = {435745F5-810B-4FFB-B1DC-759001AC3BEF}
		{BAF18A70-9EDA-46E9-80A1-7B5F62215C02} = {F3ACFC02-1DE2-4E43-B3B4-A341F761E4B3}
		{4FAE4347-07FD-4323-AF48-71FE45FC64F7} = {435745F5-810B-4FFB-B1DC-759001AC3BEF}
		{79551997-6C99-446E-B4BF-6F3659FA6B64} = {4FAE4347-07FD-4323-AF48-71FE45FC64F7}
		{FE92F800-1650-4352-85A9-A6D58BDF4D15} = {AAA09ED1-478F-4101-849E-95A0F39A0E12}
		{B10E2B70-C5B6-4824-B8F1-691B1170E4F5} = {FE92F800-1650-4352-85A9-A6D58BDF4D15}
		{FDB2A8DE-C0D5-4536-A9CC-126E4A543907} = {5F73AD7C-F75A-408B-A981-E163D001AFB2}
		{5F73AD7C-F75A-408B-A981-E163D001AFB2} = {435745F5-810B-4FFB-B1DC-759001AC3BEF}
		{227ACBA5-80A6-4D18-83A2-E5E6DC6E53A5} = {7BB991AA-04B4-4858-BB7B-248195B3CAA2}
		{034CA8C4-5C34-40F9-A9B1-09369F8B80B3} = {227ACBA5-80A6-4D18-83A2-E5E6DC6E53A5}
		{AFD69665-89A3-42AE-A32E-AB2CBBE6EE7E} = {059AF90C-4111-4DFE-915D-050B19D6CC74}
	EndGlobalSection
EndGlobal
