
Microsoft Visual Studio Solution File, Format Version 12.00
# Visual Studio 14
VisualStudioVersion = 14.0.22816.0
MinimumVisualStudioVersion = 10.0.40219.1
Project("{FAE04EC0-301F-11D3-BF4B-00C04F79EFBC}") = "System.Private.ServiceModel", "src\System.Private.ServiceModel.csproj", "{9E50E7BF-CD6E-4269-A6DD-59FD0BD6C0FD}"
EndProject
Project("{2150E333-8FDC-42A3-9474-1A3956D46DE8}") = "tests", "tests", "{405DBC85-4CF8-4763-803E-5C68FBEA5C38}"
EndProject
Project("{FAE04EC0-301F-11D3-BF4B-00C04F79EFBC}") = "System.ServiceModel.Primitives.Tests", "..\System.ServiceModel.Primitives\tests\System.ServiceModel.Primitives.Tests.csproj", "{856A232C-4292-4AC7-87FE-41AE0C22C4E4}"
EndProject
Project("{FAE04EC0-301F-11D3-BF4B-00C04F79EFBC}") = "System.ServiceModel.Tests.Common", "..\System.ServiceModel.Tests.Common\src\System.ServiceModel.Tests.Common.csproj", "{E896294A-AB4A-4AF5-A01C-A19E3972EFF9}"
EndProject
Project("{FAE04EC0-301F-11D3-BF4B-00C04F79EFBC}") = "System.ServiceModel.Http.Tests", "..\System.ServiceModel.Http\tests\System.ServiceModel.Http.Tests.csproj", "{0DE9D9C2-10FB-4DF0-9668-7BD5290EC936}"
EndProject
Project("{FAE04EC0-301F-11D3-BF4B-00C04F79EFBC}") = "System.ServiceModel.NetTcp.Tests", "..\System.ServiceModel.NetTcp\tests\System.ServiceModel.NetTcp.Tests.csproj", "{135C7EE5-6E44-4619-ADD5-589034443AE7}"
EndProject
Project("{FAE04EC0-301F-11D3-BF4B-00C04F79EFBC}") = "System.Private.ServiceModel.Tests", "tests\System.Private.ServiceModel.Tests.csproj", "{BB3B114D-68D7-4E36-9EBE-127E694E6EC9}"
EndProject
Project("{FAE04EC0-301F-11D3-BF4B-00C04F79EFBC}") = "System.ServiceModel.Duplex.Tests", "..\System.ServiceModel.Duplex\tests\System.ServiceModel.Duplex.Tests.csproj", "{D18E6999-B42A-449C-91FE-2F78E7A20E6E}"
EndProject
Project("{FAE04EC0-301F-11D3-BF4B-00C04F79EFBC}") = "System.ServiceModel.Security.Tests", "..\System.ServiceModel.Security\tests\System.ServiceModel.Security.Tests.csproj", "{595D6586-EE25-453D-8249-5E7BE6EE8EEB}"
EndProject
Project("{2150E333-8FDC-42A3-9474-1A3956D46DE8}") = "Scenarios", "Scenarios", "{7BB991AA-04B4-4858-BB7B-248195B3CAA2}"
EndProject
Project("{FAE04EC0-301F-11D3-BF4B-00C04F79EFBC}") = "ServiceModel.Scenarios.Common", "tests\Scenarios\ServiceModel.Scenarios.Common\ServiceModel.Scenarios.Common.csproj", "{C2210035-AAB0-4DBB-9A42-6A23C0BD763B}"
EndProject
Project("{2150E333-8FDC-42A3-9474-1A3956D46DE8}") = "Http", "Http", "{4B2A6EDA-3E11-45E9-B242-7A7FB02805D4}"
EndProject
Project("{FAE04EC0-301F-11D3-BF4B-00C04F79EFBC}") = "Http.Message.Tests", "tests\Scenarios\Http\Message\Http.Message.Tests.csproj", "{2A82F2E5-9201-4787-A977-8C7CF1FCAA0C}"
EndProject
Project("{FAE04EC0-301F-11D3-BF4B-00C04F79EFBC}") = "Http.TransportChannel.Tests", "tests\Scenarios\Http\TransportChannel\Http.TransportChannel.Tests.csproj", "{1DFF7AF1-5873-4984-B871-73F2F9A84239}"
EndProject
Project("{2150E333-8FDC-42A3-9474-1A3956D46DE8}") = "Tcp", "Tcp", "{2FE69CE4-D20E-48D0-BF7E-1C8023239C10}"
EndProject
Project("{FAE04EC0-301F-11D3-BF4B-00C04F79EFBC}") = "Tcp.Message.Tests", "tests\Scenarios\Tcp\Message\Tcp.Message.Tests.csproj", "{8D4CC3CC-BD65-43EA-986B-E33F7D46D360}"
EndProject
Project("{FAE04EC0-301F-11D3-BF4B-00C04F79EFBC}") = "Tcp.TransportChannel.Tests", "tests\Scenarios\Tcp\TransportChannel\Tcp.TransportChannel.Tests.csproj", "{004BA5F5-86C6-4F62-9CFA-861ADFE8D2A7}"
EndProject
Global
	GlobalSection(SolutionConfigurationPlatforms) = preSolution
		Debug|Any CPU = Debug|Any CPU
	EndGlobalSection
	GlobalSection(ProjectConfigurationPlatforms) = postSolution
		{9E50E7BF-CD6E-4269-A6DD-59FD0BD6C0FD}.Debug|Any CPU.ActiveCfg = Debug|Any CPU
		{9E50E7BF-CD6E-4269-A6DD-59FD0BD6C0FD}.Debug|Any CPU.Build.0 = Debug|Any CPU
		{856A232C-4292-4AC7-87FE-41AE0C22C4E4}.Debug|Any CPU.ActiveCfg = Debug|Any CPU
		{856A232C-4292-4AC7-87FE-41AE0C22C4E4}.Debug|Any CPU.Build.0 = Debug|Any CPU
		{E896294A-AB4A-4AF5-A01C-A19E3972EFF9}.Debug|Any CPU.ActiveCfg = Debug|Any CPU
		{E896294A-AB4A-4AF5-A01C-A19E3972EFF9}.Debug|Any CPU.Build.0 = Debug|Any CPU
		{0DE9D9C2-10FB-4DF0-9668-7BD5290EC936}.Debug|Any CPU.ActiveCfg = Debug|Any CPU
		{0DE9D9C2-10FB-4DF0-9668-7BD5290EC936}.Debug|Any CPU.Build.0 = Debug|Any CPU
		{135C7EE5-6E44-4619-ADD5-589034443AE7}.Debug|Any CPU.ActiveCfg = Debug|Any CPU
		{135C7EE5-6E44-4619-ADD5-589034443AE7}.Debug|Any CPU.Build.0 = Debug|Any CPU
		{BB3B114D-68D7-4E36-9EBE-127E694E6EC9}.Debug|Any CPU.ActiveCfg = Debug|Any CPU
		{BB3B114D-68D7-4E36-9EBE-127E694E6EC9}.Debug|Any CPU.Build.0 = Debug|Any CPU
		{D18E6999-B42A-449C-91FE-2F78E7A20E6E}.Debug|Any CPU.ActiveCfg = Debug|Any CPU
		{D18E6999-B42A-449C-91FE-2F78E7A20E6E}.Debug|Any CPU.Build.0 = Debug|Any CPU
		{595D6586-EE25-453D-8249-5E7BE6EE8EEB}.Debug|Any CPU.ActiveCfg = Debug|Any CPU
		{595D6586-EE25-453D-8249-5E7BE6EE8EEB}.Debug|Any CPU.Build.0 = Debug|Any CPU
		{C2210035-AAB0-4DBB-9A42-6A23C0BD763B}.Debug|Any CPU.ActiveCfg = Debug|Any CPU
		{C2210035-AAB0-4DBB-9A42-6A23C0BD763B}.Debug|Any CPU.Build.0 = Debug|Any CPU
		{2A82F2E5-9201-4787-A977-8C7CF1FCAA0C}.Debug|Any CPU.ActiveCfg = Debug|Any CPU
		{2A82F2E5-9201-4787-A977-8C7CF1FCAA0C}.Debug|Any CPU.Build.0 = Debug|Any CPU
		{1DFF7AF1-5873-4984-B871-73F2F9A84239}.Debug|Any CPU.ActiveCfg = Debug|Any CPU
		{1DFF7AF1-5873-4984-B871-73F2F9A84239}.Debug|Any CPU.Build.0 = Debug|Any CPU
		{8D4CC3CC-BD65-43EA-986B-E33F7D46D360}.Debug|Any CPU.ActiveCfg = Debug|Any CPU
		{8D4CC3CC-BD65-43EA-986B-E33F7D46D360}.Debug|Any CPU.Build.0 = Debug|Any CPU
		{004BA5F5-86C6-4F62-9CFA-861ADFE8D2A7}.Debug|Any CPU.ActiveCfg = Debug|Any CPU
		{004BA5F5-86C6-4F62-9CFA-861ADFE8D2A7}.Debug|Any CPU.Build.0 = Debug|Any CPU
	EndGlobalSection
	GlobalSection(SolutionProperties) = preSolution
		HideSolutionNode = FALSE
	EndGlobalSection
	GlobalSection(NestedProjects) = preSolution
		{856A232C-4292-4AC7-87FE-41AE0C22C4E4} = {405DBC85-4CF8-4763-803E-5C68FBEA5C38}
		{E896294A-AB4A-4AF5-A01C-A19E3972EFF9} = {405DBC85-4CF8-4763-803E-5C68FBEA5C38}
		{0DE9D9C2-10FB-4DF0-9668-7BD5290EC936} = {405DBC85-4CF8-4763-803E-5C68FBEA5C38}
		{135C7EE5-6E44-4619-ADD5-589034443AE7} = {405DBC85-4CF8-4763-803E-5C68FBEA5C38}
		{BB3B114D-68D7-4E36-9EBE-127E694E6EC9} = {405DBC85-4CF8-4763-803E-5C68FBEA5C38}
		{D18E6999-B42A-449C-91FE-2F78E7A20E6E} = {405DBC85-4CF8-4763-803E-5C68FBEA5C38}
		{595D6586-EE25-453D-8249-5E7BE6EE8EEB} = {405DBC85-4CF8-4763-803E-5C68FBEA5C38}
		{7BB991AA-04B4-4858-BB7B-248195B3CAA2} = {405DBC85-4CF8-4763-803E-5C68FBEA5C38}
		{C2210035-AAB0-4DBB-9A42-6A23C0BD763B} = {7BB991AA-04B4-4858-BB7B-248195B3CAA2}
		{4B2A6EDA-3E11-45E9-B242-7A7FB02805D4} = {7BB991AA-04B4-4858-BB7B-248195B3CAA2}
		{2A82F2E5-9201-4787-A977-8C7CF1FCAA0C} = {4B2A6EDA-3E11-45E9-B242-7A7FB02805D4}
		{1DFF7AF1-5873-4984-B871-73F2F9A84239} = {4B2A6EDA-3E11-45E9-B242-7A7FB02805D4}
		{2FE69CE4-D20E-48D0-BF7E-1C8023239C10} = {7BB991AA-04B4-4858-BB7B-248195B3CAA2}
		{8D4CC3CC-BD65-43EA-986B-E33F7D46D360} = {2FE69CE4-D20E-48D0-BF7E-1C8023239C10}
		{004BA5F5-86C6-4F62-9CFA-861ADFE8D2A7} = {2FE69CE4-D20E-48D0-BF7E-1C8023239C10}
	EndGlobalSection
EndGlobal
