
Microsoft Visual Studio Solution File, Format Version 12.00
# Visual Studio 14
VisualStudioVersion = 14.0.22823.1
MinimumVisualStudioVersion = 10.0.40219.1
Project("{FAE04EC0-301F-11D3-BF4B-00C04F79EFBC}") = "Bridge", "Bridge\Bridge.csproj", "{1E08A11A-A5E7-40F0-8CAE-4797259970F3}"
	ProjectSection(ProjectDependencies) = postProject
		{CBE9909F-4CF7-4AD0-9307-BD0DFBB1105E} = {CBE9909F-4CF7-4AD0-9307-BD0DFBB1105E}
	EndProjectSection
EndProject
Project("{FAE04EC0-301F-11D3-BF4B-00C04F79EFBC}") = "Bridge.Tests", "tests\Bridge.Tests\Bridge.Tests.csproj", "{C5246031-9FB8-4107-8D70-0B59BB5EF81C}"
EndProject
Project("{FAE04EC0-301F-11D3-BF4B-00C04F79EFBC}") = "WcfTestBridgeCommon", "WcfTestBridgeCommon\WcfTestBridgeCommon.csproj", "{81305303-19DF-4512-A8A7-F97760DAA3DE}"
EndProject
Project("{FAE04EC0-301F-11D3-BF4B-00C04F79EFBC}") = "Web", "Web\Web.csproj", "{CBFF5891-FAA5-4E70-B1BF-07A6B7B6461D}"
EndProject
Project("{FAE04EC0-301F-11D3-BF4B-00C04F79EFBC}") = "WcfService", "..\SelfHostWcfService\WcfService.csproj", "{CBE9909F-4CF7-4AD0-9307-BD0DFBB1105E}"
EndProject
Global
	GlobalSection(SolutionConfigurationPlatforms) = preSolution
		Debug|Any CPU = Debug|Any CPU
		Release|Any CPU = Release|Any CPU
	EndGlobalSection
	GlobalSection(ProjectConfigurationPlatforms) = postSolution
		{1E08A11A-A5E7-40F0-8CAE-4797259970F3}.Debug|Any CPU.ActiveCfg = Debug|Any CPU
		{1E08A11A-A5E7-40F0-8CAE-4797259970F3}.Debug|Any CPU.Build.0 = Debug|Any CPU
		{1E08A11A-A5E7-40F0-8CAE-4797259970F3}.Release|Any CPU.ActiveCfg = Release|Any CPU
		{1E08A11A-A5E7-40F0-8CAE-4797259970F3}.Release|Any CPU.Build.0 = Release|Any CPU
		{C5246031-9FB8-4107-8D70-0B59BB5EF81C}.Debug|Any CPU.ActiveCfg = Debug|Any CPU
		{C5246031-9FB8-4107-8D70-0B59BB5EF81C}.Debug|Any CPU.Build.0 = Debug|Any CPU
		{C5246031-9FB8-4107-8D70-0B59BB5EF81C}.Release|Any CPU.ActiveCfg = Release|Any CPU
		{C5246031-9FB8-4107-8D70-0B59BB5EF81C}.Release|Any CPU.Build.0 = Release|Any CPU
		{81305303-19DF-4512-A8A7-F97760DAA3DE}.Debug|Any CPU.ActiveCfg = Debug|Any CPU
		{81305303-19DF-4512-A8A7-F97760DAA3DE}.Debug|Any CPU.Build.0 = Debug|Any CPU
		{81305303-19DF-4512-A8A7-F97760DAA3DE}.Release|Any CPU.ActiveCfg = Release|Any CPU
		{81305303-19DF-4512-A8A7-F97760DAA3DE}.Release|Any CPU.Build.0 = Release|Any CPU
		{CBFF5891-FAA5-4E70-B1BF-07A6B7B6461D}.Debug|Any CPU.ActiveCfg = Debug|Any CPU
		{CBFF5891-FAA5-4E70-B1BF-07A6B7B6461D}.Debug|Any CPU.Build.0 = Debug|Any CPU
		{CBFF5891-FAA5-4E70-B1BF-07A6B7B6461D}.Release|Any CPU.ActiveCfg = Release|Any CPU
		{CBFF5891-FAA5-4E70-B1BF-07A6B7B6461D}.Release|Any CPU.Build.0 = Release|Any CPU
		{CBE9909F-4CF7-4AD0-9307-BD0DFBB1105E}.Debug|Any CPU.ActiveCfg = Debug|Any CPU
		{CBE9909F-4CF7-4AD0-9307-BD0DFBB1105E}.Debug|Any CPU.Build.0 = Debug|Any CPU
		{CBE9909F-4CF7-4AD0-9307-BD0DFBB1105E}.Release|Any CPU.ActiveCfg = Release|Any CPU
		{CBE9909F-4CF7-4AD0-9307-BD0DFBB1105E}.Release|Any CPU.Build.0 = Release|Any CPU
	EndGlobalSection
	GlobalSection(SolutionProperties) = preSolution
		HideSolutionNode = FALSE
	EndGlobalSection
EndGlobal
