
Microsoft Visual Studio Solution File, Format Version 12.00
# Visual Studio Version 16
VisualStudioVersion = 16.0.31624.102
MinimumVisualStudioVersion = 10.0.40219.1
Project("{9A19103F-16F7-4668-BE54-9A1E7A4F7556}") = "dotnet-svcutil.xmlserializer", "src\dotnet-svcutil.xmlserializer.csproj", "{EAB2959D-0A16-4F60-A453-765491E1C069}"
EndProject
Project("{FAE04EC0-301F-11D3-BF4B-00C04F79EFBC}") = "dotnet-svcutil.xmlserializer.Tests", "tests\dotnet-svcutil.xmlserializer.Tests.csproj", "{E0A4893E-975E-415A-90B6-57871EB864E6}"
EndProject
Global
	GlobalSection(SolutionConfigurationPlatforms) = preSolution
		Debug|Any CPU = Debug|Any CPU
		netstandard-Debug|Any CPU = netstandard-Debug|Any CPU
		netstandard-Release|Any CPU = netstandard-Release|Any CPU
	EndGlobalSection
	GlobalSection(ProjectConfigurationPlatforms) = postSolution
		{EAB2959D-0A16-4F60-A453-765491E1C069}.Debug|Any CPU.ActiveCfg = netstandard-Debug|Any CPU
		{EAB2959D-0A16-4F60-A453-765491E1C069}.Debug|Any CPU.Build.0 = netstandard-Debug|Any CPU
		{EAB2959D-0A16-4F60-A453-765491E1C069}.netstandard-Debug|Any CPU.ActiveCfg = Debug|Any CPU
		{EAB2959D-0A16-4F60-A453-765491E1C069}.netstandard-Debug|Any CPU.Build.0 = Debug|Any CPU
		{EAB2959D-0A16-4F60-A453-765491E1C069}.netstandard-Release|Any CPU.ActiveCfg = netstandard-Release|Any CPU
		{EAB2959D-0A16-4F60-A453-765491E1C069}.netstandard-Release|Any CPU.Build.0 = netstandard-Release|Any CPU
		{E0A4893E-975E-415A-90B6-57871EB864E6}.Debug|Any CPU.ActiveCfg = netfx-Debug|Any CPU
		{E0A4893E-975E-415A-90B6-57871EB864E6}.Debug|Any CPU.Build.0 = netfx-Debug|Any CPU
		{E0A4893E-975E-415A-90B6-57871EB864E6}.netstandard-Debug|Any CPU.ActiveCfg = netstandard-Debug|Any CPU
		{E0A4893E-975E-415A-90B6-57871EB864E6}.netstandard-Debug|Any CPU.Build.0 = netstandard-Debug|Any CPU
		{E0A4893E-975E-415A-90B6-57871EB864E6}.netstandard-Release|Any CPU.ActiveCfg = netstandard-Release|Any CPU
		{E0A4893E-975E-415A-90B6-57871EB864E6}.netstandard-Release|Any CPU.Build.0 = netstandard-Release|Any CPU
	EndGlobalSection
	GlobalSection(SolutionProperties) = preSolution
		HideSolutionNode = FALSE
	EndGlobalSection
	GlobalSection(ExtensibilityGlobals) = postSolution
		SolutionGuid = {56D50C65-9036-476B-8839-EBFB75ED338A}
	EndGlobalSection
EndGlobal
