
Microsoft Visual Studio Solution File, Format Version 12.00
# Visual Studio Version 17
VisualStudioVersion = 17.3.32714.290
MinimumVisualStudioVersion = 10.0.40219.1
Project("{FAE04EC0-301F-11D3-BF4B-00C04F79EFBC}") = "WCFCorePerfService", "WCFCorePerfService\WCFCorePerfService.csproj", "{35B05C6A-9FF0-4A9C-9BBE-E88963416022}"
EndProject
Project("{FAE04EC0-301F-11D3-BF4B-00C04F79EFBC}") = "WCFCorePerfClient", "WCFCorePerfClient\WCFCorePerfClient.csproj", "{D9001454-F77C-4053-B4AE-34342351FD49}"
EndProject
Global
	GlobalSection(SolutionConfigurationPlatforms) = preSolution
		Debug|Any CPU = Debug|Any CPU
		Release|Any CPU = Release|Any CPU
	EndGlobalSection
	GlobalSection(ProjectConfigurationPlatforms) = postSolution
		{35B05C6A-9FF0-4A9C-9BBE-E88963416022}.Debug|Any CPU.ActiveCfg = Debug|Any CPU
		{35B05C6A-9FF0-4A9C-9BBE-E88963416022}.Debug|Any CPU.Build.0 = Debug|Any CPU
		{35B05C6A-9FF0-4A9C-9BBE-E88963416022}.Release|Any CPU.ActiveCfg = Release|Any CPU
		{35B05C6A-9FF0-4A9C-9BBE-E88963416022}.Release|Any CPU.Build.0 = Release|Any CPU
		{D9001454-F77C-4053-B4AE-34342351FD49}.Debug|Any CPU.ActiveCfg = Debug|Any CPU
		{D9001454-F77C-4053-B4AE-34342351FD49}.Debug|Any CPU.Build.0 = Debug|Any CPU
		{D9001454-F77C-4053-B4AE-34342351FD49}.Release|Any CPU.ActiveCfg = Release|Any CPU
		{D9001454-F77C-4053-B4AE-34342351FD49}.Release|Any CPU.Build.0 = Release|Any CPU
	EndGlobalSection
	GlobalSection(SolutionProperties) = preSolution
		HideSolutionNode = FALSE
	EndGlobalSection
	GlobalSection(ExtensibilityGlobals) = postSolution
		SolutionGuid = {BD5D3AEC-A9AB-412C-A41B-A410030B454A}
	EndGlobalSection
EndGlobal
